// !$*UTF8*$!
{
	archiveVersion = 1;
	classes = {
	};
	objectVersion = 51;
	objects = {

/* Begin PBXBuildFile section */
		416225867D3C1511A7788772 /* Pods_MapsUtilsSnippets.framework in Frameworks */ = {isa = PBXBuildFile; fileRef = BD73AAA6F49EBB3530904E8E /* Pods_MapsUtilsSnippets.framework */; };
		AA1ACE0C253A1779003E70E8 /* AppDelegate.m in Sources */ = {isa = PBXBuildFile; fileRef = AA1ACE0B253A1779003E70E8 /* AppDelegate.m */; };
		AA1ACE0F253A1779003E70E8 /* SceneDelegate.m in Sources */ = {isa = PBXBuildFile; fileRef = AA1ACE0E253A1779003E70E8 /* SceneDelegate.m */; };
		AA1ACE12253A1779003E70E8 /* ViewController.m in Sources */ = {isa = PBXBuildFile; fileRef = AA1ACE11253A1779003E70E8 /* ViewController.m */; };
		AA1ACE15253A1779003E70E8 /* Main.storyboard in Resources */ = {isa = PBXBuildFile; fileRef = AA1ACE13253A1779003E70E8 /* Main.storyboard */; };
		AA1ACE17253A1779003E70E8 /* Assets.xcassets in Resources */ = {isa = PBXBuildFile; fileRef = AA1ACE16253A1779003E70E8 /* Assets.xcassets */; };
		AA1ACE1A253A1779003E70E8 /* LaunchScreen.storyboard in Resources */ = {isa = PBXBuildFile; fileRef = AA1ACE18253A1779003E70E8 /* LaunchScreen.storyboard */; };
		AA1ACE1D253A1779003E70E8 /* main.m in Sources */ = {isa = PBXBuildFile; fileRef = AA1ACE1C253A1779003E70E8 /* main.m */; };
		AA32CE17253A19A4004D636E /* MarkerClustering.swift in Sources */ = {isa = PBXBuildFile; fileRef = AA32CE16253A19A4004D636E /* MarkerClustering.swift */; };
		AA5C413C2547625E000B4DAB /* QuadTree.swift in Sources */ = {isa = PBXBuildFile; fileRef = AA5C413B2547625E000B4DAB /* QuadTree.swift */; };
		AA5C414025476371000B4DAB /* QuadTree.m in Sources */ = {isa = PBXBuildFile; fileRef = AA5C413F25476371000B4DAB /* QuadTree.m */; };
		AA5C4150254766D8000B4DAB /* KML.m in Sources */ = {isa = PBXBuildFile; fileRef = AA5C414F254766D8000B4DAB /* KML.m */; };
		AA5C415325476746000B4DAB /* KML.swift in Sources */ = {isa = PBXBuildFile; fileRef = AA5C415225476746000B4DAB /* KML.swift */; };
		AA5C415C2547682B000B4DAB /* GeoJSON.m in Sources */ = {isa = PBXBuildFile; fileRef = AA5C415B2547682B000B4DAB /* GeoJSON.m */; };
		AA5C415F2547687F000B4DAB /* GeoJSON.swift in Sources */ = {isa = PBXBuildFile; fileRef = AA5C415E2547687F000B4DAB /* GeoJSON.swift */; };
		AA5C416225476D61000B4DAB /* Heatmap.swift in Sources */ = {isa = PBXBuildFile; fileRef = AA5C416125476D61000B4DAB /* Heatmap.swift */; };
		AA5C41662547715C000B4DAB /* Heatmap.m in Sources */ = {isa = PBXBuildFile; fileRef = AA5C41652547715C000B4DAB /* Heatmap.m */; };
		AAE93353253A188A00B5CFCC /* MarkerClustering.m in Sources */ = {isa = PBXBuildFile; fileRef = AAE93352253A188A00B5CFCC /* MarkerClustering.m */; };
/* End PBXBuildFile section */

/* Begin PBXFileReference section */
		85B5C30D99720750EBECA355 /* Pods-MapsUtilsSnippets.debug.xcconfig */ = {isa = PBXFileReference; includeInIndex = 1; lastKnownFileType = text.xcconfig; name = "Pods-MapsUtilsSnippets.debug.xcconfig"; path = "Target Support Files/Pods-MapsUtilsSnippets/Pods-MapsUtilsSnippets.debug.xcconfig"; sourceTree = "<group>"; };
		980CF7A89812B36EA715ADE3 /* Pods-MapsUtilsSnippets.release.xcconfig */ = {isa = PBXFileReference; includeInIndex = 1; lastKnownFileType = text.xcconfig; name = "Pods-MapsUtilsSnippets.release.xcconfig"; path = "Target Support Files/Pods-MapsUtilsSnippets/Pods-MapsUtilsSnippets.release.xcconfig"; sourceTree = "<group>"; };
		AA1ACE07253A1779003E70E8 /* MapsUtilsSnippets.app */ = {isa = PBXFileReference; explicitFileType = wrapper.application; includeInIndex = 0; path = MapsUtilsSnippets.app; sourceTree = BUILT_PRODUCTS_DIR; };
		AA1ACE0A253A1779003E70E8 /* AppDelegate.h */ = {isa = PBXFileReference; lastKnownFileType = sourcecode.c.h; path = AppDelegate.h; sourceTree = "<group>"; };
		AA1ACE0B253A1779003E70E8 /* AppDelegate.m */ = {isa = PBXFileReference; lastKnownFileType = sourcecode.c.objc; path = AppDelegate.m; sourceTree = "<group>"; };
		AA1ACE0D253A1779003E70E8 /* SceneDelegate.h */ = {isa = PBXFileReference; lastKnownFileType = sourcecode.c.h; path = SceneDelegate.h; sourceTree = "<group>"; };
		AA1ACE0E253A1779003E70E8 /* SceneDelegate.m */ = {isa = PBXFileReference; lastKnownFileType = sourcecode.c.objc; path = SceneDelegate.m; sourceTree = "<group>"; };
		AA1ACE10253A1779003E70E8 /* ViewController.h */ = {isa = PBXFileReference; lastKnownFileType = sourcecode.c.h; path = ViewController.h; sourceTree = "<group>"; };
		AA1ACE11253A1779003E70E8 /* ViewController.m */ = {isa = PBXFileReference; lastKnownFileType = sourcecode.c.objc; path = ViewController.m; sourceTree = "<group>"; };
		AA1ACE14253A1779003E70E8 /* Base */ = {isa = PBXFileReference; lastKnownFileType = file.storyboard; name = Base; path = Base.lproj/Main.storyboard; sourceTree = "<group>"; };
		AA1ACE16253A1779003E70E8 /* Assets.xcassets */ = {isa = PBXFileReference; lastKnownFileType = folder.assetcatalog; path = Assets.xcassets; sourceTree = "<group>"; };
		AA1ACE19253A1779003E70E8 /* Base */ = {isa = PBXFileReference; lastKnownFileType = file.storyboard; name = Base; path = Base.lproj/LaunchScreen.storyboard; sourceTree = "<group>"; };
		AA1ACE1B253A1779003E70E8 /* Info.plist */ = {isa = PBXFileReference; lastKnownFileType = text.plist.xml; path = Info.plist; sourceTree = "<group>"; };
		AA1ACE1C253A1779003E70E8 /* main.m */ = {isa = PBXFileReference; lastKnownFileType = sourcecode.c.objc; path = main.m; sourceTree = "<group>"; };
		AA32CE15253A19A3004D636E /* MapsUtilsSnippets-Bridging-Header.h */ = {isa = PBXFileReference; lastKnownFileType = sourcecode.c.h; path = "MapsUtilsSnippets-Bridging-Header.h"; sourceTree = "<group>"; };
		AA32CE16253A19A4004D636E /* MarkerClustering.swift */ = {isa = PBXFileReference; lastKnownFileType = sourcecode.swift; path = MarkerClustering.swift; sourceTree = "<group>"; };
		AA5C413B2547625E000B4DAB /* QuadTree.swift */ = {isa = PBXFileReference; lastKnownFileType = sourcecode.swift; path = QuadTree.swift; sourceTree = "<group>"; };
		AA5C413E25476371000B4DAB /* QuadTree.h */ = {isa = PBXFileReference; lastKnownFileType = sourcecode.c.h; path = QuadTree.h; sourceTree = "<group>"; };
		AA5C413F25476371000B4DAB /* QuadTree.m */ = {isa = PBXFileReference; lastKnownFileType = sourcecode.c.objc; path = QuadTree.m; sourceTree = "<group>"; };
		AA5C414E254766D8000B4DAB /* KML.h */ = {isa = PBXFileReference; lastKnownFileType = sourcecode.c.h; path = KML.h; sourceTree = "<group>"; };
		AA5C414F254766D8000B4DAB /* KML.m */ = {isa = PBXFileReference; lastKnownFileType = sourcecode.c.objc; path = KML.m; sourceTree = "<group>"; };
		AA5C415225476746000B4DAB /* KML.swift */ = {isa = PBXFileReference; lastKnownFileType = sourcecode.swift; path = KML.swift; sourceTree = "<group>"; };
		AA5C415A2547682B000B4DAB /* GeoJSON.h */ = {isa = PBXFileReference; lastKnownFileType = sourcecode.c.h; path = GeoJSON.h; sourceTree = "<group>"; };
		AA5C415B2547682B000B4DAB /* GeoJSON.m */ = {isa = PBXFileReference; lastKnownFileType = sourcecode.c.objc; path = GeoJSON.m; sourceTree = "<group>"; };
		AA5C415E2547687F000B4DAB /* GeoJSON.swift */ = {isa = PBXFileReference; lastKnownFileType = sourcecode.swift; path = GeoJSON.swift; sourceTree = "<group>"; };
		AA5C416125476D61000B4DAB /* Heatmap.swift */ = {isa = PBXFileReference; lastKnownFileType = sourcecode.swift; path = Heatmap.swift; sourceTree = "<group>"; };
		AA5C41642547715C000B4DAB /* Heatmap.h */ = {isa = PBXFileReference; lastKnownFileType = sourcecode.c.h; path = Heatmap.h; sourceTree = "<group>"; };
		AA5C41652547715C000B4DAB /* Heatmap.m */ = {isa = PBXFileReference; lastKnownFileType = sourcecode.c.objc; path = Heatmap.m; sourceTree = "<group>"; };
		AAE93351253A188A00B5CFCC /* MarkerClustering.h */ = {isa = PBXFileReference; lastKnownFileType = sourcecode.c.h; path = MarkerClustering.h; sourceTree = "<group>"; };
		AAE93352253A188A00B5CFCC /* MarkerClustering.m */ = {isa = PBXFileReference; lastKnownFileType = sourcecode.c.objc; path = MarkerClustering.m; sourceTree = "<group>"; };
		BD73AAA6F49EBB3530904E8E /* Pods_MapsUtilsSnippets.framework */ = {isa = PBXFileReference; explicitFileType = wrapper.framework; includeInIndex = 0; path = Pods_MapsUtilsSnippets.framework; sourceTree = BUILT_PRODUCTS_DIR; };
/* End PBXFileReference section */

/* Begin PBXFrameworksBuildPhase section */
		AA1ACE04253A1778003E70E8 /* Frameworks */ = {
			isa = PBXFrameworksBuildPhase;
			buildActionMask = 2147483647;
			files = (
				416225867D3C1511A7788772 /* Pods_MapsUtilsSnippets.framework in Frameworks */,
			);
			runOnlyForDeploymentPostprocessing = 0;
		};
/* End PBXFrameworksBuildPhase section */

/* Begin PBXGroup section */
		2AF6DA9764096AE930AFEE14 /* Frameworks */ = {
			isa = PBXGroup;
			children = (
				BD73AAA6F49EBB3530904E8E /* Pods_MapsUtilsSnippets.framework */,
			);
			name = Frameworks;
			sourceTree = "<group>";
		};
		AA1ACDFE253A1778003E70E8 = {
			isa = PBXGroup;
			children = (
				AA1ACE09253A1779003E70E8 /* MapsUtilsSnippets */,
				AA1ACE08253A1779003E70E8 /* Products */,
				CEA30152F23DB8FA0592A955 /* Pods */,
				2AF6DA9764096AE930AFEE14 /* Frameworks */,
			);
			sourceTree = "<group>";
		};
		AA1ACE08253A1779003E70E8 /* Products */ = {
			isa = PBXGroup;
			children = (
				AA1ACE07253A1779003E70E8 /* MapsUtilsSnippets.app */,
			);
			name = Products;
			sourceTree = "<group>";
		};
		AA1ACE09253A1779003E70E8 /* MapsUtilsSnippets */ = {
			isa = PBXGroup;
			children = (
				AA1ACE0A253A1779003E70E8 /* AppDelegate.h */,
				AAE93351253A188A00B5CFCC /* MarkerClustering.h */,
				AA1ACE0D253A1779003E70E8 /* SceneDelegate.h */,
				AA1ACE10253A1779003E70E8 /* ViewController.h */,
				AA1ACE0B253A1779003E70E8 /* AppDelegate.m */,
				AA1ACE1C253A1779003E70E8 /* main.m */,
				AAE93352253A188A00B5CFCC /* MarkerClustering.m */,
				AA1ACE0E253A1779003E70E8 /* SceneDelegate.m */,
				AA1ACE11253A1779003E70E8 /* ViewController.m */,
				AA1ACE1B253A1779003E70E8 /* Info.plist */,
				AA1ACE16253A1779003E70E8 /* Assets.xcassets */,
				AA1ACE18253A1779003E70E8 /* LaunchScreen.storyboard */,
				AA1ACE13253A1779003E70E8 /* Main.storyboard */,
				AA32CE14253A1991004D636E /* Swift */,
				AA5C413E25476371000B4DAB /* QuadTree.h */,
				AA5C413F25476371000B4DAB /* QuadTree.m */,
				AA5C414E254766D8000B4DAB /* KML.h */,
				AA5C414F254766D8000B4DAB /* KML.m */,
				AA5C415A2547682B000B4DAB /* GeoJSON.h */,
				AA5C415B2547682B000B4DAB /* GeoJSON.m */,
				AA5C41642547715C000B4DAB /* Heatmap.h */,
				AA5C41652547715C000B4DAB /* Heatmap.m */,
			);
			path = MapsUtilsSnippets;
			sourceTree = "<group>";
		};
		AA32CE14253A1991004D636E /* Swift */ = {
			isa = PBXGroup;
			children = (
				AA32CE15253A19A3004D636E /* MapsUtilsSnippets-Bridging-Header.h */,
				AA32CE16253A19A4004D636E /* MarkerClustering.swift */,
				AA5C413B2547625E000B4DAB /* QuadTree.swift */,
				AA5C415225476746000B4DAB /* KML.swift */,
				AA5C415E2547687F000B4DAB /* GeoJSON.swift */,
				AA5C416125476D61000B4DAB /* Heatmap.swift */,
			);
			path = Swift;
			sourceTree = "<group>";
		};
		CEA30152F23DB8FA0592A955 /* Pods */ = {
			isa = PBXGroup;
			children = (
				85B5C30D99720750EBECA355 /* Pods-MapsUtilsSnippets.debug.xcconfig */,
				980CF7A89812B36EA715ADE3 /* Pods-MapsUtilsSnippets.release.xcconfig */,
			);
			path = Pods;
			sourceTree = "<group>";
		};
/* End PBXGroup section */

/* Begin PBXNativeTarget section */
		AA1ACE06253A1778003E70E8 /* MapsUtilsSnippets */ = {
			isa = PBXNativeTarget;
			buildConfigurationList = AA1ACE20253A1779003E70E8 /* Build configuration list for PBXNativeTarget "MapsUtilsSnippets" */;
			buildPhases = (
				835BFD6824A4D38AC4369C45 /* [CP] Check Pods Manifest.lock */,
				AA1ACE03253A1778003E70E8 /* Sources */,
				AA1ACE04253A1778003E70E8 /* Frameworks */,
				AA1ACE05253A1778003E70E8 /* Resources */,
				196CB743F894E37257DAB995 /* [CP] Copy Pods Resources */,
			);
			buildRules = (
			);
			dependencies = (
			);
			name = MapsUtilsSnippets;
			productName = MapsUtilsSnippets;
			productReference = AA1ACE07253A1779003E70E8 /* MapsUtilsSnippets.app */;
			productType = "com.apple.product-type.application";
		};
/* End PBXNativeTarget section */

/* Begin PBXProject section */
		AA1ACDFF253A1778003E70E8 /* Project object */ = {
			isa = PBXProject;
			attributes = {
				LastUpgradeCheck = 1200;
				TargetAttributes = {
					AA1ACE06253A1778003E70E8 = {
						CreatedOnToolsVersion = 12.0;
						LastSwiftMigration = 1200;
					};
				};
			};
			buildConfigurationList = AA1ACE02253A1778003E70E8 /* Build configuration list for PBXProject "MapsUtilsSnippets" */;
			compatibilityVersion = "Xcode 9.3";
			developmentRegion = en;
			hasScannedForEncodings = 0;
			knownRegions = (
				en,
				Base,
			);
			mainGroup = AA1ACDFE253A1778003E70E8;
			productRefGroup = AA1ACE08253A1779003E70E8 /* Products */;
			projectDirPath = "";
			projectRoot = "";
			targets = (
				AA1ACE06253A1778003E70E8 /* MapsUtilsSnippets */,
			);
		};
/* End PBXProject section */

/* Begin PBXResourcesBuildPhase section */
		AA1ACE05253A1778003E70E8 /* Resources */ = {
			isa = PBXResourcesBuildPhase;
			buildActionMask = 2147483647;
			files = (
				AA1ACE1A253A1779003E70E8 /* LaunchScreen.storyboard in Resources */,
				AA1ACE17253A1779003E70E8 /* Assets.xcassets in Resources */,
				AA1ACE15253A1779003E70E8 /* Main.storyboard in Resources */,
			);
			runOnlyForDeploymentPostprocessing = 0;
		};
/* End PBXResourcesBuildPhase section */

/* Begin PBXShellScriptBuildPhase section */
		196CB743F894E37257DAB995 /* [CP] Copy Pods Resources */ = {
			isa = PBXShellScriptBuildPhase;
			buildActionMask = 2147483647;
			files = (
			);
			inputFileListPaths = (
				"${PODS_ROOT}/Target Support Files/Pods-MapsUtilsSnippets/Pods-MapsUtilsSnippets-resources-${CONFIGURATION}-input-files.xcfilelist",
			);
			name = "[CP] Copy Pods Resources";
			outputFileListPaths = (
				"${PODS_ROOT}/Target Support Files/Pods-MapsUtilsSnippets/Pods-MapsUtilsSnippets-resources-${CONFIGURATION}-output-files.xcfilelist",
			);
			runOnlyForDeploymentPostprocessing = 0;
			shellPath = /bin/sh;
			shellScript = "\"${PODS_ROOT}/Target Support Files/Pods-MapsUtilsSnippets/Pods-MapsUtilsSnippets-resources.sh\"\n";
			showEnvVarsInLog = 0;
		};
		835BFD6824A4D38AC4369C45 /* [CP] Check Pods Manifest.lock */ = {
			isa = PBXShellScriptBuildPhase;
			buildActionMask = 2147483647;
			files = (
			);
			inputFileListPaths = (
			);
			inputPaths = (
				"${PODS_PODFILE_DIR_PATH}/Podfile.lock",
				"${PODS_ROOT}/Manifest.lock",
			);
			name = "[CP] Check Pods Manifest.lock";
			outputFileListPaths = (
			);
			outputPaths = (
				"$(DERIVED_FILE_DIR)/Pods-MapsUtilsSnippets-checkManifestLockResult.txt",
			);
			runOnlyForDeploymentPostprocessing = 0;
			shellPath = /bin/sh;
			shellScript = "diff \"${PODS_PODFILE_DIR_PATH}/Podfile.lock\" \"${PODS_ROOT}/Manifest.lock\" > /dev/null\nif [ $? != 0 ] ; then\n    # print error to STDERR\n    echo \"error: The sandbox is not in sync with the Podfile.lock. Run 'pod install' or update your CocoaPods installation.\" >&2\n    exit 1\nfi\n# This output is used by Xcode 'outputs' to avoid re-running this script phase.\necho \"SUCCESS\" > \"${SCRIPT_OUTPUT_FILE_0}\"\n";
			showEnvVarsInLog = 0;
		};
/* End PBXShellScriptBuildPhase section */

/* Begin PBXSourcesBuildPhase section */
		AA1ACE03253A1778003E70E8 /* Sources */ = {
			isa = PBXSourcesBuildPhase;
			buildActionMask = 2147483647;
			files = (
				AA5C414025476371000B4DAB /* QuadTree.m in Sources */,
				AAE93353253A188A00B5CFCC /* MarkerClustering.m in Sources */,
				AA5C41662547715C000B4DAB /* Heatmap.m in Sources */,
				AA5C416225476D61000B4DAB /* Heatmap.swift in Sources */,
				AA5C415325476746000B4DAB /* KML.swift in Sources */,
				AA5C415C2547682B000B4DAB /* GeoJSON.m in Sources */,
				AA32CE17253A19A4004D636E /* MarkerClustering.swift in Sources */,
				AA5C415F2547687F000B4DAB /* GeoJSON.swift in Sources */,
				AA5C4150254766D8000B4DAB /* KML.m in Sources */,
				AA5C413C2547625E000B4DAB /* QuadTree.swift in Sources */,
				AA1ACE12253A1779003E70E8 /* ViewController.m in Sources */,
				AA1ACE0C253A1779003E70E8 /* AppDelegate.m in Sources */,
				AA1ACE1D253A1779003E70E8 /* main.m in Sources */,
				AA1ACE0F253A1779003E70E8 /* SceneDelegate.m in Sources */,
			);
			runOnlyForDeploymentPostprocessing = 0;
		};
/* End PBXSourcesBuildPhase section */

/* Begin PBXVariantGroup section */
		AA1ACE13253A1779003E70E8 /* Main.storyboard */ = {
			isa = PBXVariantGroup;
			children = (
				AA1ACE14253A1779003E70E8 /* Base */,
			);
			name = Main.storyboard;
			sourceTree = "<group>";
		};
		AA1ACE18253A1779003E70E8 /* LaunchScreen.storyboard */ = {
			isa = PBXVariantGroup;
			children = (
				AA1ACE19253A1779003E70E8 /* Base */,
			);
			name = LaunchScreen.storyboard;
			sourceTree = "<group>";
		};
/* End PBXVariantGroup section */

/* Begin XCBuildConfiguration section */
		AA1ACE1E253A1779003E70E8 /* Debug */ = {
			isa = XCBuildConfiguration;
			buildSettings = {
				ALWAYS_SEARCH_USER_PATHS = NO;
				CLANG_ANALYZER_NONNULL = YES;
				CLANG_ANALYZER_NUMBER_OBJECT_CONVERSION = YES_AGGRESSIVE;
				CLANG_CXX_LANGUAGE_STANDARD = "gnu++14";
				CLANG_CXX_LIBRARY = "libc++";
				CLANG_ENABLE_MODULES = YES;
				CLANG_ENABLE_OBJC_ARC = YES;
				CLANG_ENABLE_OBJC_WEAK = YES;
				CLANG_WARN_BLOCK_CAPTURE_AUTORELEASING = YES;
				CLANG_WARN_BOOL_CONVERSION = YES;
				CLANG_WARN_COMMA = YES;
				CLANG_WARN_CONSTANT_CONVERSION = YES;
				CLANG_WARN_DEPRECATED_OBJC_IMPLEMENTATIONS = YES;
				CLANG_WARN_DIRECT_OBJC_ISA_USAGE = YES_ERROR;
				CLANG_WARN_DOCUMENTATION_COMMENTS = YES;
				CLANG_WARN_EMPTY_BODY = YES;
				CLANG_WARN_ENUM_CONVERSION = YES;
				CLANG_WARN_INFINITE_RECURSION = YES;
				CLANG_WARN_INT_CONVERSION = YES;
				CLANG_WARN_NON_LITERAL_NULL_CONVERSION = YES;
				CLANG_WARN_OBJC_IMPLICIT_RETAIN_SELF = YES;
				CLANG_WARN_OBJC_LITERAL_CONVERSION = YES;
				CLANG_WARN_OBJC_ROOT_CLASS = YES_ERROR;
				CLANG_WARN_QUOTED_INCLUDE_IN_FRAMEWORK_HEADER = YES;
				CLANG_WARN_RANGE_LOOP_ANALYSIS = YES;
				CLANG_WARN_STRICT_PROTOTYPES = YES;
				CLANG_WARN_SUSPICIOUS_MOVE = YES;
				CLANG_WARN_UNGUARDED_AVAILABILITY = YES_AGGRESSIVE;
				CLANG_WARN_UNREACHABLE_CODE = YES;
				CLANG_WARN__DUPLICATE_METHOD_MATCH = YES;
				COPY_PHASE_STRIP = NO;
				DEBUG_INFORMATION_FORMAT = dwarf;
				ENABLE_STRICT_OBJC_MSGSEND = YES;
				ENABLE_TESTABILITY = YES;
				GCC_C_LANGUAGE_STANDARD = gnu11;
				GCC_DYNAMIC_NO_PIC = NO;
				GCC_NO_COMMON_BLOCKS = YES;
				GCC_OPTIMIZATION_LEVEL = 0;
				GCC_PREPROCESSOR_DEFINITIONS = (
					"DEBUG=1",
					"$(inherited)",
				);
				GCC_WARN_64_TO_32_BIT_CONVERSION = YES;
				GCC_WARN_ABOUT_RETURN_TYPE = YES_ERROR;
				GCC_WARN_UNDECLARED_SELECTOR = YES;
				GCC_WARN_UNINITIALIZED_AUTOS = YES_AGGRESSIVE;
				GCC_WARN_UNUSED_FUNCTION = YES;
				GCC_WARN_UNUSED_VARIABLE = YES;
				IPHONEOS_DEPLOYMENT_TARGET = 14.0;
				MTL_ENABLE_DEBUG_INFO = INCLUDE_SOURCE;
				MTL_FAST_MATH = YES;
				ONLY_ACTIVE_ARCH = YES;
				SDKROOT = iphoneos;
			};
			name = Debug;
		};
		AA1ACE1F253A1779003E70E8 /* Release */ = {
			isa = XCBuildConfiguration;
			buildSettings = {
				ALWAYS_SEARCH_USER_PATHS = NO;
				CLANG_ANALYZER_NONNULL = YES;
				CLANG_ANALYZER_NUMBER_OBJECT_CONVERSION = YES_AGGRESSIVE;
				CLANG_CXX_LANGUAGE_STANDARD = "gnu++14";
				CLANG_CXX_LIBRARY = "libc++";
				CLANG_ENABLE_MODULES = YES;
				CLANG_ENABLE_OBJC_ARC = YES;
				CLANG_ENABLE_OBJC_WEAK = YES;
				CLANG_WARN_BLOCK_CAPTURE_AUTORELEASING = YES;
				CLANG_WARN_BOOL_CONVERSION = YES;
				CLANG_WARN_COMMA = YES;
				CLANG_WARN_CONSTANT_CONVERSION = YES;
				CLANG_WARN_DEPRECATED_OBJC_IMPLEMENTATIONS = YES;
				CLANG_WARN_DIRECT_OBJC_ISA_USAGE = YES_ERROR;
				CLANG_WARN_DOCUMENTATION_COMMENTS = YES;
				CLANG_WARN_EMPTY_BODY = YES;
				CLANG_WARN_ENUM_CONVERSION = YES;
				CLANG_WARN_INFINITE_RECURSION = YES;
				CLANG_WARN_INT_CONVERSION = YES;
				CLANG_WARN_NON_LITERAL_NULL_CONVERSION = YES;
				CLANG_WARN_OBJC_IMPLICIT_RETAIN_SELF = YES;
				CLANG_WARN_OBJC_LITERAL_CONVERSION = YES;
				CLANG_WARN_OBJC_ROOT_CLASS = YES_ERROR;
				CLANG_WARN_QUOTED_INCLUDE_IN_FRAMEWORK_HEADER = YES;
				CLANG_WARN_RANGE_LOOP_ANALYSIS = YES;
				CLANG_WARN_STRICT_PROTOTYPES = YES;
				CLANG_WARN_SUSPICIOUS_MOVE = YES;
				CLANG_WARN_UNGUARDED_AVAILABILITY = YES_AGGRESSIVE;
				CLANG_WARN_UNREACHABLE_CODE = YES;
				CLANG_WARN__DUPLICATE_METHOD_MATCH = YES;
				COPY_PHASE_STRIP = NO;
				DEBUG_INFORMATION_FORMAT = "dwarf-with-dsym";
				ENABLE_NS_ASSERTIONS = NO;
				ENABLE_STRICT_OBJC_MSGSEND = YES;
				GCC_C_LANGUAGE_STANDARD = gnu11;
				GCC_NO_COMMON_BLOCKS = YES;
				GCC_WARN_64_TO_32_BIT_CONVERSION = YES;
				GCC_WARN_ABOUT_RETURN_TYPE = YES_ERROR;
				GCC_WARN_UNDECLARED_SELECTOR = YES;
				GCC_WARN_UNINITIALIZED_AUTOS = YES_AGGRESSIVE;
				GCC_WARN_UNUSED_FUNCTION = YES;
				GCC_WARN_UNUSED_VARIABLE = YES;
				IPHONEOS_DEPLOYMENT_TARGET = 14.0;
				MTL_ENABLE_DEBUG_INFO = NO;
				MTL_FAST_MATH = YES;
				SDKROOT = iphoneos;
				VALIDATE_PRODUCT = YES;
			};
			name = Release;
		};
		AA1ACE21253A1779003E70E8 /* Debug */ = {
			isa = XCBuildConfiguration;
			baseConfigurationReference = 85B5C30D99720750EBECA355 /* Pods-MapsUtilsSnippets.debug.xcconfig */;
			buildSettings = {
				ASSETCATALOG_COMPILER_APPICON_NAME = AppIcon;
				ASSETCATALOG_COMPILER_GLOBAL_ACCENT_COLOR_NAME = AccentColor;
				CLANG_ENABLE_MODULES = YES;
				CODE_SIGN_STYLE = Automatic;
				INFOPLIST_FILE = MapsUtilsSnippets/Info.plist;
				LD_RUNPATH_SEARCH_PATHS = (
					"$(inherited)",
					"@executable_path/Frameworks",
				);
				PRODUCT_BUNDLE_IDENTIFIER = com.google.examples.MapsUtilsSnippets;
				PRODUCT_NAME = "$(TARGET_NAME)";
				SWIFT_OBJC_BRIDGING_HEADER = "MapsUtilsSnippets/Swift/MapsUtilsSnippets-Bridging-Header.h";
				SWIFT_OPTIMIZATION_LEVEL = "-Onone";
				SWIFT_VERSION = 5.0;
				TARGETED_DEVICE_FAMILY = "1,2";
			};
			name = Debug;
		};
		AA1ACE22253A1779003E70E8 /* Release */ = {
			isa = XCBuildConfiguration;
			baseConfigurationReference = 980CF7A89812B36EA715ADE3 /* Pods-MapsUtilsSnippets.release.xcconfig */;
			buildSettings = {
				ASSETCATALOG_COMPILER_APPICON_NAME = AppIcon;
				ASSETCATALOG_COMPILER_GLOBAL_ACCENT_COLOR_NAME = AccentColor;
				CLANG_ENABLE_MODULES = YES;
				CODE_SIGN_STYLE = Automatic;
				INFOPLIST_FILE = MapsUtilsSnippets/Info.plist;
				LD_RUNPATH_SEARCH_PATHS = (
					"$(inherited)",
					"@executable_path/Frameworks",
				);
				PRODUCT_BUNDLE_IDENTIFIER = com.google.examples.MapsUtilsSnippets;
				PRODUCT_NAME = "$(TARGET_NAME)";
				SWIFT_OBJC_BRIDGING_HEADER = "MapsUtilsSnippets/Swift/MapsUtilsSnippets-Bridging-Header.h";
				SWIFT_VERSION = 5.0;
				TARGETED_DEVICE_FAMILY = "1,2";
			};
			name = Release;
		};
/* End XCBuildConfiguration section */

/* Begin XCConfigurationList section */
		AA1ACE02253A1778003E70E8 /* Build configuration list for PBXProject "MapsUtilsSnippets" */ = {
			isa = XCConfigurationList;
			buildConfigurations = (
				AA1ACE1E253A1779003E70E8 /* Debug */,
				AA1ACE1F253A1779003E70E8 /* Release */,
			);
			defaultConfigurationIsVisible = 0;
			defaultConfigurationName = Release;
		};
		AA1ACE20253A1779003E70E8 /* Build configuration list for PBXNativeTarget "MapsUtilsSnippets" */ = {
			isa = XCConfigurationList;
			buildConfigurations = (
				AA1ACE21253A1779003E70E8 /* Debug */,
				AA1ACE22253A1779003E70E8 /* Release */,
			);
			defaultConfigurationIsVisible = 0;
			defaultConfigurationName = Release;
		};
/* End XCConfigurationList section */
	};
	rootObject = AA1ACDFF253A1778003E70E8 /* Project object */;
}
