// !$*UTF8*$!
{
	archiveVersion = 1;
	classes = {
	};
	objectVersion = 51;
	objects = {

/* Begin PBXBuildFile section */
		3B36F6CE014C9F99609EEBF5 /* libPods-MapsBetaSnippets.a in Frameworks */ = {isa = PBXBuildFile; fileRef = 53D2C91E99C96F3BD6D1FC7E /* libPods-MapsBetaSnippets.a */; };
		AA2D098B24F8282F00935519 /* AppDelegate.swift in Sources */ = {isa = PBXBuildFile; fileRef = AA2D098A24F8282F00935519 /* AppDelegate.swift */; };
		AA2D098D24F8282F00935519 /* SceneDelegate.swift in Sources */ = {isa = PBXBuildFile; fileRef = AA2D098C24F8282F00935519 /* SceneDelegate.swift */; };
		AA2D098F24F8282F00935519 /* ViewController.swift in Sources */ = {isa = PBXBuildFile; fileRef = AA2D098E24F8282F00935519 /* ViewController.swift */; };
		AA2D099224F8282F00935519 /* Main.storyboard in Resources */ = {isa = PBXBuildFile; fileRef = AA2D099024F8282F00935519 /* Main.storyboard */; };
		AA2D099424F8283100935519 /* Assets.xcassets in Resources */ = {isa = PBXBuildFile; fileRef = AA2D099324F8283100935519 /* Assets.xcassets */; };
		AA2D099724F8283100935519 /* LaunchScreen.storyboard in Resources */ = {isa = PBXBuildFile; fileRef = AA2D099524F8283100935519 /* LaunchScreen.storyboard */; };
		AA2D099F24F8298C00935519 /* CloudBasedMapStylingViewController.swift in Sources */ = {isa = PBXBuildFile; fileRef = AA2D099E24F8298C00935519 /* CloudBasedMapStylingViewController.swift */; };
		AA2D09A424F829ED00935519 /* CloudBasedMapStylingViewController.m in Sources */ = {isa = PBXBuildFile; fileRef = AA2D09A324F829ED00935519 /* CloudBasedMapStylingViewController.m */; };
		AA2D09A724F82CF700935519 /* CustomPOIBehaviorViewController.m in Sources */ = {isa = PBXBuildFile; fileRef = AA2D09A624F82CF700935519 /* CustomPOIBehaviorViewController.m */; };
		AA2D09A924F82DCC00935519 /* CustomPOIBehaviorViewController.swift in Sources */ = {isa = PBXBuildFile; fileRef = AA2D09A824F82DCC00935519 /* CustomPOIBehaviorViewController.swift */; };
		AA2D09AC24F82E4A00935519 /* PolylineCustomizationViewController.m in Sources */ = {isa = PBXBuildFile; fileRef = AA2D09AB24F82E4A00935519 /* PolylineCustomizationViewController.m */; };
		AA2D09AE24F82F0D00935519 /* PolylineCustomizationViewController.swift in Sources */ = {isa = PBXBuildFile; fileRef = AA2D09AD24F82F0D00935519 /* PolylineCustomizationViewController.swift */; };
/* End PBXBuildFile section */

/* Begin PBXFileReference section */
		2C08E1E5267E7D0AB92DF3E9 /* Pods-MapsBetaSnippets.debug.xcconfig */ = {isa = PBXFileReference; includeInIndex = 1; lastKnownFileType = text.xcconfig; name = "Pods-MapsBetaSnippets.debug.xcconfig"; path = "Target Support Files/Pods-MapsBetaSnippets/Pods-MapsBetaSnippets.debug.xcconfig"; sourceTree = "<group>"; };
		53D2C91E99C96F3BD6D1FC7E /* libPods-MapsBetaSnippets.a */ = {isa = PBXFileReference; explicitFileType = archive.ar; includeInIndex = 0; path = "libPods-MapsBetaSnippets.a"; sourceTree = BUILT_PRODUCTS_DIR; };
		AA2D098724F8282F00935519 /* MapsBetaSnippets.app */ = {isa = PBXFileReference; explicitFileType = wrapper.application; includeInIndex = 0; path = MapsBetaSnippets.app; sourceTree = BUILT_PRODUCTS_DIR; };
		AA2D098A24F8282F00935519 /* AppDelegate.swift */ = {isa = PBXFileReference; lastKnownFileType = sourcecode.swift; path = AppDelegate.swift; sourceTree = "<group>"; };
		AA2D098C24F8282F00935519 /* SceneDelegate.swift */ = {isa = PBXFileReference; lastKnownFileType = sourcecode.swift; path = SceneDelegate.swift; sourceTree = "<group>"; };
		AA2D098E24F8282F00935519 /* ViewController.swift */ = {isa = PBXFileReference; lastKnownFileType = sourcecode.swift; path = ViewController.swift; sourceTree = "<group>"; };
		AA2D099124F8282F00935519 /* Base */ = {isa = PBXFileReference; lastKnownFileType = file.storyboard; name = Base; path = Base.lproj/Main.storyboard; sourceTree = "<group>"; };
		AA2D099324F8283100935519 /* Assets.xcassets */ = {isa = PBXFileReference; lastKnownFileType = folder.assetcatalog; path = Assets.xcassets; sourceTree = "<group>"; };
		AA2D099624F8283100935519 /* Base */ = {isa = PBXFileReference; lastKnownFileType = file.storyboard; name = Base; path = Base.lproj/LaunchScreen.storyboard; sourceTree = "<group>"; };
		AA2D099824F8283100935519 /* Info.plist */ = {isa = PBXFileReference; lastKnownFileType = text.plist.xml; path = Info.plist; sourceTree = "<group>"; };
		AA2D099E24F8298C00935519 /* CloudBasedMapStylingViewController.swift */ = {isa = PBXFileReference; lastKnownFileType = sourcecode.swift; path = CloudBasedMapStylingViewController.swift; sourceTree = "<group>"; };
		AA2D09A124F829ED00935519 /* MapsBetaSnippets-Bridging-Header.h */ = {isa = PBXFileReference; lastKnownFileType = sourcecode.c.h; path = "MapsBetaSnippets-Bridging-Header.h"; sourceTree = "<group>"; };
		AA2D09A224F829ED00935519 /* CloudBasedMapStylingViewController.h */ = {isa = PBXFileReference; lastKnownFileType = sourcecode.c.h; path = CloudBasedMapStylingViewController.h; sourceTree = "<group>"; };
		AA2D09A324F829ED00935519 /* CloudBasedMapStylingViewController.m */ = {isa = PBXFileReference; lastKnownFileType = sourcecode.c.objc; path = CloudBasedMapStylingViewController.m; sourceTree = "<group>"; };
		AA2D09A524F82CF700935519 /* CustomPOIBehaviorViewController.h */ = {isa = PBXFileReference; lastKnownFileType = sourcecode.c.h; path = CustomPOIBehaviorViewController.h; sourceTree = "<group>"; };
		AA2D09A624F82CF700935519 /* CustomPOIBehaviorViewController.m */ = {isa = PBXFileReference; lastKnownFileType = sourcecode.c.objc; path = CustomPOIBehaviorViewController.m; sourceTree = "<group>"; };
		AA2D09A824F82DCC00935519 /* CustomPOIBehaviorViewController.swift */ = {isa = PBXFileReference; lastKnownFileType = sourcecode.swift; path = CustomPOIBehaviorViewController.swift; sourceTree = "<group>"; };
		AA2D09AA24F82E4A00935519 /* PolylineCustomizationViewController.h */ = {isa = PBXFileReference; lastKnownFileType = sourcecode.c.h; path = PolylineCustomizationViewController.h; sourceTree = "<group>"; };
		AA2D09AB24F82E4A00935519 /* PolylineCustomizationViewController.m */ = {isa = PBXFileReference; lastKnownFileType = sourcecode.c.objc; path = PolylineCustomizationViewController.m; sourceTree = "<group>"; };
		AA2D09AD24F82F0D00935519 /* PolylineCustomizationViewController.swift */ = {isa = PBXFileReference; lastKnownFileType = sourcecode.swift; path = PolylineCustomizationViewController.swift; sourceTree = "<group>"; };
		B28C20F2B5344F741DC01030 /* Pods-MapsBetaSnippets.release.xcconfig */ = {isa = PBXFileReference; includeInIndex = 1; lastKnownFileType = text.xcconfig; name = "Pods-MapsBetaSnippets.release.xcconfig"; path = "Target Support Files/Pods-MapsBetaSnippets/Pods-MapsBetaSnippets.release.xcconfig"; sourceTree = "<group>"; };
/* End PBXFileReference section */

/* Begin PBXFrameworksBuildPhase section */
		AA2D098424F8282F00935519 /* Frameworks */ = {
			isa = PBXFrameworksBuildPhase;
			buildActionMask = 2147483647;
			files = (
				3B36F6CE014C9F99609EEBF5 /* libPods-MapsBetaSnippets.a in Frameworks */,
			);
			runOnlyForDeploymentPostprocessing = 0;
		};
/* End PBXFrameworksBuildPhase section */

/* Begin PBXGroup section */
		AA2D097E24F8282F00935519 = {
			isa = PBXGroup;
			children = (
				AA2D098924F8282F00935519 /* MapsBetaSnippets */,
				AA2D098824F8282F00935519 /* Products */,
				D0B9981265523CA403753C6B /* Pods */,
				B37F3F345F121D46C3F0B241 /* Frameworks */,
			);
			sourceTree = "<group>";
		};
		AA2D098824F8282F00935519 /* Products */ = {
			isa = PBXGroup;
			children = (
				AA2D098724F8282F00935519 /* MapsBetaSnippets.app */,
			);
			name = Products;
			sourceTree = "<group>";
		};
		AA2D098924F8282F00935519 /* MapsBetaSnippets */ = {
			isa = PBXGroup;
			children = (
				AA2D09A224F829ED00935519 /* CloudBasedMapStylingViewController.h */,
				AA2D09A524F82CF700935519 /* CustomPOIBehaviorViewController.h */,
				AA2D09A124F829ED00935519 /* MapsBetaSnippets-Bridging-Header.h */,
				AA2D09AA24F82E4A00935519 /* PolylineCustomizationViewController.h */,
				AA2D09A324F829ED00935519 /* CloudBasedMapStylingViewController.m */,
				AA2D09A624F82CF700935519 /* CustomPOIBehaviorViewController.m */,
				AA2D09AB24F82E4A00935519 /* PolylineCustomizationViewController.m */,
				AA2D099824F8283100935519 /* Info.plist */,
				AA2D098A24F8282F00935519 /* AppDelegate.swift */,
				AA2D098C24F8282F00935519 /* SceneDelegate.swift */,
				AA2D098E24F8282F00935519 /* ViewController.swift */,
				AA2D099324F8283100935519 /* Assets.xcassets */,
				AA2D099524F8283100935519 /* LaunchScreen.storyboard */,
				AA2D099024F8282F00935519 /* Main.storyboard */,
				AA2D09A024F829C100935519 /* Swift */,
			);
			path = MapsBetaSnippets;
			sourceTree = "<group>";
		};
		AA2D09A024F829C100935519 /* Swift */ = {
			isa = PBXGroup;
			children = (
				AA2D099E24F8298C00935519 /* CloudBasedMapStylingViewController.swift */,
				AA2D09A824F82DCC00935519 /* CustomPOIBehaviorViewController.swift */,
				AA2D09AD24F82F0D00935519 /* PolylineCustomizationViewController.swift */,
			);
			path = Swift;
			sourceTree = "<group>";
		};
		B37F3F345F121D46C3F0B241 /* Frameworks */ = {
			isa = PBXGroup;
			children = (
				53D2C91E99C96F3BD6D1FC7E /* libPods-MapsBetaSnippets.a */,
			);
			name = Frameworks;
			sourceTree = "<group>";
		};
		D0B9981265523CA403753C6B /* Pods */ = {
			isa = PBXGroup;
			children = (
				2C08E1E5267E7D0AB92DF3E9 /* Pods-MapsBetaSnippets.debug.xcconfig */,
				B28C20F2B5344F741DC01030 /* Pods-MapsBetaSnippets.release.xcconfig */,
			);
			path = Pods;
			sourceTree = "<group>";
		};
/* End PBXGroup section */

/* Begin PBXNativeTarget section */
		AA2D098624F8282F00935519 /* MapsBetaSnippets */ = {
			isa = PBXNativeTarget;
			buildConfigurationList = AA2D099B24F8283100935519 /* Build configuration list for PBXNativeTarget "MapsBetaSnippets" */;
			buildPhases = (
				D77DDEFC73B0586EF4E78993 /* [CP] Check Pods Manifest.lock */,
				AA2D098324F8282F00935519 /* Sources */,
				AA2D098424F8282F00935519 /* Frameworks */,
				AA2D098524F8282F00935519 /* Resources */,
				CD166BABAD04BDF708570374 /* [CP] Copy Pods Resources */,
			);
			buildRules = (
			);
			dependencies = (
			);
			name = MapsBetaSnippets;
			productName = MapsBetaSnippets;
			productReference = AA2D098724F8282F00935519 /* MapsBetaSnippets.app */;
			productType = "com.apple.product-type.application";
		};
/* End PBXNativeTarget section */

/* Begin PBXProject section */
		AA2D097F24F8282F00935519 /* Project object */ = {
			isa = PBXProject;
			attributes = {
				LastSwiftUpdateCheck = 1150;
				LastUpgradeCheck = 1150;
				ORGANIZATIONNAME = Google;
				TargetAttributes = {
					AA2D098624F8282F00935519 = {
						CreatedOnToolsVersion = 11.5;
						LastSwiftMigration = 1150;
					};
				};
			};
			buildConfigurationList = AA2D098224F8282F00935519 /* Build configuration list for PBXProject "MapsBetaSnippets" */;
			compatibilityVersion = "Xcode 9.3";
			developmentRegion = en;
			hasScannedForEncodings = 0;
			knownRegions = (
				en,
				Base,
			);
			mainGroup = AA2D097E24F8282F00935519;
			productRefGroup = AA2D098824F8282F00935519 /* Products */;
			projectDirPath = "";
			projectRoot = "";
			targets = (
				AA2D098624F8282F00935519 /* MapsBetaSnippets */,
			);
		};
/* End PBXProject section */

/* Begin PBXResourcesBuildPhase section */
		AA2D098524F8282F00935519 /* Resources */ = {
			isa = PBXResourcesBuildPhase;
			buildActionMask = 2147483647;
			files = (
				AA2D099724F8283100935519 /* LaunchScreen.storyboard in Resources */,
				AA2D099424F8283100935519 /* Assets.xcassets in Resources */,
				AA2D099224F8282F00935519 /* Main.storyboard in Resources */,
			);
			runOnlyForDeploymentPostprocessing = 0;
		};
/* End PBXResourcesBuildPhase section */

/* Begin PBXShellScriptBuildPhase section */
		CD166BABAD04BDF708570374 /* [CP] Copy Pods Resources */ = {
			isa = PBXShellScriptBuildPhase;
			buildActionMask = 2147483647;
			files = (
			);
			inputFileListPaths = (
				"${PODS_ROOT}/Target Support Files/Pods-MapsBetaSnippets/Pods-MapsBetaSnippets-resources-${CONFIGURATION}-input-files.xcfilelist",
			);
			name = "[CP] Copy Pods Resources";
			outputFileListPaths = (
				"${PODS_ROOT}/Target Support Files/Pods-MapsBetaSnippets/Pods-MapsBetaSnippets-resources-${CONFIGURATION}-output-files.xcfilelist",
			);
			runOnlyForDeploymentPostprocessing = 0;
			shellPath = /bin/sh;
			shellScript = "\"${PODS_ROOT}/Target Support Files/Pods-MapsBetaSnippets/Pods-MapsBetaSnippets-resources.sh\"\n";
			showEnvVarsInLog = 0;
		};
		D77DDEFC73B0586EF4E78993 /* [CP] Check Pods Manifest.lock */ = {
			isa = PBXShellScriptBuildPhase;
			buildActionMask = 2147483647;
			files = (
			);
			inputFileListPaths = (
			);
			inputPaths = (
				"${PODS_PODFILE_DIR_PATH}/Podfile.lock",
				"${PODS_ROOT}/Manifest.lock",
			);
			name = "[CP] Check Pods Manifest.lock";
			outputFileListPaths = (
			);
			outputPaths = (
				"$(DERIVED_FILE_DIR)/Pods-MapsBetaSnippets-checkManifestLockResult.txt",
			);
			runOnlyForDeploymentPostprocessing = 0;
			shellPath = /bin/sh;
			shellScript = "diff \"${PODS_PODFILE_DIR_PATH}/Podfile.lock\" \"${PODS_ROOT}/Manifest.lock\" > /dev/null\nif [ $? != 0 ] ; then\n    # print error to STDERR\n    echo \"error: The sandbox is not in sync with the Podfile.lock. Run 'pod install' or update your CocoaPods installation.\" >&2\n    exit 1\nfi\n# This output is used by Xcode 'outputs' to avoid re-running this script phase.\necho \"SUCCESS\" > \"${SCRIPT_OUTPUT_FILE_0}\"\n";
			showEnvVarsInLog = 0;
		};
/* End PBXShellScriptBuildPhase section */

/* Begin PBXSourcesBuildPhase section */
		AA2D098324F8282F00935519 /* Sources */ = {
			isa = PBXSourcesBuildPhase;
			buildActionMask = 2147483647;
			files = (
				AA2D09A724F82CF700935519 /* CustomPOIBehaviorViewController.m in Sources */,
				AA2D099F24F8298C00935519 /* CloudBasedMapStylingViewController.swift in Sources */,
				AA2D09AE24F82F0D00935519 /* PolylineCustomizationViewController.swift in Sources */,
				AA2D098F24F8282F00935519 /* ViewController.swift in Sources */,
				AA2D098B24F8282F00935519 /* AppDelegate.swift in Sources */,
				AA2D09AC24F82E4A00935519 /* PolylineCustomizationViewController.m in Sources */,
				AA2D09A924F82DCC00935519 /* CustomPOIBehaviorViewController.swift in Sources */,
				AA2D09A424F829ED00935519 /* CloudBasedMapStylingViewController.m in Sources */,
				AA2D098D24F8282F00935519 /* SceneDelegate.swift in Sources */,
			);
			runOnlyForDeploymentPostprocessing = 0;
		};
/* End PBXSourcesBuildPhase section */

/* Begin PBXVariantGroup section */
		AA2D099024F8282F00935519 /* Main.storyboard */ = {
			isa = PBXVariantGroup;
			children = (
				AA2D099124F8282F00935519 /* Base */,
			);
			name = Main.storyboard;
			sourceTree = "<group>";
		};
		AA2D099524F8283100935519 /* LaunchScreen.storyboard */ = {
			isa = PBXVariantGroup;
			children = (
				AA2D099624F8283100935519 /* Base */,
			);
			name = LaunchScreen.storyboard;
			sourceTree = "<group>";
		};
/* End PBXVariantGroup section */

/* Begin XCBuildConfiguration section */
		AA2D099924F8283100935519 /* Debug */ = {
			isa = XCBuildConfiguration;
			buildSettings = {
				ALWAYS_SEARCH_USER_PATHS = NO;
				CLANG_ANALYZER_NONNULL = YES;
				CLANG_ANALYZER_NUMBER_OBJECT_CONVERSION = YES_AGGRESSIVE;
				CLANG_CXX_LANGUAGE_STANDARD = "gnu++14";
				CLANG_CXX_LIBRARY = "libc++";
				CLANG_ENABLE_MODULES = YES;
				CLANG_ENABLE_OBJC_ARC = YES;
				CLANG_ENABLE_OBJC_WEAK = YES;
				CLANG_WARN_BLOCK_CAPTURE_AUTORELEASING = YES;
				CLANG_WARN_BOOL_CONVERSION = YES;
				CLANG_WARN_COMMA = YES;
				CLANG_WARN_CONSTANT_CONVERSION = YES;
				CLANG_WARN_DEPRECATED_OBJC_IMPLEMENTATIONS = YES;
				CLANG_WARN_DIRECT_OBJC_ISA_USAGE = YES_ERROR;
				CLANG_WARN_DOCUMENTATION_COMMENTS = YES;
				CLANG_WARN_EMPTY_BODY = YES;
				CLANG_WARN_ENUM_CONVERSION = YES;
				CLANG_WARN_INFINITE_RECURSION = YES;
				CLANG_WARN_INT_CONVERSION = YES;
				CLANG_WARN_NON_LITERAL_NULL_CONVERSION = YES;
				CLANG_WARN_OBJC_IMPLICIT_RETAIN_SELF = YES;
				CLANG_WARN_OBJC_LITERAL_CONVERSION = YES;
				CLANG_WARN_OBJC_ROOT_CLASS = YES_ERROR;
				CLANG_WARN_RANGE_LOOP_ANALYSIS = YES;
				CLANG_WARN_STRICT_PROTOTYPES = YES;
				CLANG_WARN_SUSPICIOUS_MOVE = YES;
				CLANG_WARN_UNGUARDED_AVAILABILITY = YES_AGGRESSIVE;
				CLANG_WARN_UNREACHABLE_CODE = YES;
				CLANG_WARN__DUPLICATE_METHOD_MATCH = YES;
				COPY_PHASE_STRIP = NO;
				DEBUG_INFORMATION_FORMAT = dwarf;
				ENABLE_STRICT_OBJC_MSGSEND = YES;
				ENABLE_TESTABILITY = YES;
				GCC_C_LANGUAGE_STANDARD = gnu11;
				GCC_DYNAMIC_NO_PIC = NO;
				GCC_NO_COMMON_BLOCKS = YES;
				GCC_OPTIMIZATION_LEVEL = 0;
				GCC_PREPROCESSOR_DEFINITIONS = (
					"DEBUG=1",
					"$(inherited)",
				);
				GCC_WARN_64_TO_32_BIT_CONVERSION = YES;
				GCC_WARN_ABOUT_RETURN_TYPE = YES_ERROR;
				GCC_WARN_UNDECLARED_SELECTOR = YES;
				GCC_WARN_UNINITIALIZED_AUTOS = YES_AGGRESSIVE;
				GCC_WARN_UNUSED_FUNCTION = YES;
				GCC_WARN_UNUSED_VARIABLE = YES;
				IPHONEOS_DEPLOYMENT_TARGET = 13.5;
				MTL_ENABLE_DEBUG_INFO = INCLUDE_SOURCE;
				MTL_FAST_MATH = YES;
				ONLY_ACTIVE_ARCH = YES;
				SDKROOT = iphoneos;
				SWIFT_ACTIVE_COMPILATION_CONDITIONS = DEBUG;
				SWIFT_OPTIMIZATION_LEVEL = "-Onone";
			};
			name = Debug;
		};
		AA2D099A24F8283100935519 /* Release */ = {
			isa = XCBuildConfiguration;
			buildSettings = {
				ALWAYS_SEARCH_USER_PATHS = NO;
				CLANG_ANALYZER_NONNULL = YES;
				CLANG_ANALYZER_NUMBER_OBJECT_CONVERSION = YES_AGGRESSIVE;
				CLANG_CXX_LANGUAGE_STANDARD = "gnu++14";
				CLANG_CXX_LIBRARY = "libc++";
				CLANG_ENABLE_MODULES = YES;
				CLANG_ENABLE_OBJC_ARC = YES;
				CLANG_ENABLE_OBJC_WEAK = YES;
				CLANG_WARN_BLOCK_CAPTURE_AUTORELEASING = YES;
				CLANG_WARN_BOOL_CONVERSION = YES;
				CLANG_WARN_COMMA = YES;
				CLANG_WARN_CONSTANT_CONVERSION = YES;
				CLANG_WARN_DEPRECATED_OBJC_IMPLEMENTATIONS = YES;
				CLANG_WARN_DIRECT_OBJC_ISA_USAGE = YES_ERROR;
				CLANG_WARN_DOCUMENTATION_COMMENTS = YES;
				CLANG_WARN_EMPTY_BODY = YES;
				CLANG_WARN_ENUM_CONVERSION = YES;
				CLANG_WARN_INFINITE_RECURSION = YES;
				CLANG_WARN_INT_CONVERSION = YES;
				CLANG_WARN_NON_LITERAL_NULL_CONVERSION = YES;
				CLANG_WARN_OBJC_IMPLICIT_RETAIN_SELF = YES;
				CLANG_WARN_OBJC_LITERAL_CONVERSION = YES;
				CLANG_WARN_OBJC_ROOT_CLASS = YES_ERROR;
				CLANG_WARN_RANGE_LOOP_ANALYSIS = YES;
				CLANG_WARN_STRICT_PROTOTYPES = YES;
				CLANG_WARN_SUSPICIOUS_MOVE = YES;
				CLANG_WARN_UNGUARDED_AVAILABILITY = YES_AGGRESSIVE;
				CLANG_WARN_UNREACHABLE_CODE = YES;
				CLANG_WARN__DUPLICATE_METHOD_MATCH = YES;
				COPY_PHASE_STRIP = NO;
				DEBUG_INFORMATION_FORMAT = "dwarf-with-dsym";
				ENABLE_NS_ASSERTIONS = NO;
				ENABLE_STRICT_OBJC_MSGSEND = YES;
				GCC_C_LANGUAGE_STANDARD = gnu11;
				GCC_NO_COMMON_BLOCKS = YES;
				GCC_WARN_64_TO_32_BIT_CONVERSION = YES;
				GCC_WARN_ABOUT_RETURN_TYPE = YES_ERROR;
				GCC_WARN_UNDECLARED_SELECTOR = YES;
				GCC_WARN_UNINITIALIZED_AUTOS = YES_AGGRESSIVE;
				GCC_WARN_UNUSED_FUNCTION = YES;
				GCC_WARN_UNUSED_VARIABLE = YES;
				IPHONEOS_DEPLOYMENT_TARGET = 13.5;
				MTL_ENABLE_DEBUG_INFO = NO;
				MTL_FAST_MATH = YES;
				SDKROOT = iphoneos;
				SWIFT_COMPILATION_MODE = wholemodule;
				SWIFT_OPTIMIZATION_LEVEL = "-O";
				VALIDATE_PRODUCT = YES;
			};
			name = Release;
		};
		AA2D099C24F8283100935519 /* Debug */ = {
			isa = XCBuildConfiguration;
			baseConfigurationReference = 2C08E1E5267E7D0AB92DF3E9 /* Pods-MapsBetaSnippets.debug.xcconfig */;
			buildSettings = {
				ASSETCATALOG_COMPILER_APPICON_NAME = AppIcon;
				CLANG_ENABLE_MODULES = YES;
				CODE_SIGN_STYLE = Automatic;
				INFOPLIST_FILE = MapsBetaSnippets/Info.plist;
				LD_RUNPATH_SEARCH_PATHS = (
					"$(inherited)",
					"@executable_path/Frameworks",
				);
				PRODUCT_BUNDLE_IDENTIFIER = com.google.examples.MapsBetaSnippets;
				PRODUCT_NAME = "$(TARGET_NAME)";
				SWIFT_OBJC_BRIDGING_HEADER = "MapsBetaSnippets/MapsBetaSnippets-Bridging-Header.h";
				SWIFT_OPTIMIZATION_LEVEL = "-Onone";
				SWIFT_VERSION = 5.0;
				TARGETED_DEVICE_FAMILY = "1,2";
			};
			name = Debug;
		};
		AA2D099D24F8283100935519 /* Release */ = {
			isa = XCBuildConfiguration;
			baseConfigurationReference = B28C20F2B5344F741DC01030 /* Pods-MapsBetaSnippets.release.xcconfig */;
			buildSettings = {
				ASSETCATALOG_COMPILER_APPICON_NAME = AppIcon;
				CLANG_ENABLE_MODULES = YES;
				CODE_SIGN_STYLE = Automatic;
				INFOPLIST_FILE = MapsBetaSnippets/Info.plist;
				LD_RUNPATH_SEARCH_PATHS = (
					"$(inherited)",
					"@executable_path/Frameworks",
				);
				PRODUCT_BUNDLE_IDENTIFIER = com.google.examples.MapsBetaSnippets;
				PRODUCT_NAME = "$(TARGET_NAME)";
				SWIFT_OBJC_BRIDGING_HEADER = "MapsBetaSnippets/MapsBetaSnippets-Bridging-Header.h";
				SWIFT_VERSION = 5.0;
				TARGETED_DEVICE_FAMILY = "1,2";
			};
			name = Release;
		};
/* End XCBuildConfiguration section */

/* Begin XCConfigurationList section */
		AA2D098224F8282F00935519 /* Build configuration list for PBXProject "MapsBetaSnippets" */ = {
			isa = XCConfigurationList;
			buildConfigurations = (
				AA2D099924F8283100935519 /* Debug */,
				AA2D099A24F8283100935519 /* Release */,
			);
			defaultConfigurationIsVisible = 0;
			defaultConfigurationName = Release;
		};
		AA2D099B24F8283100935519 /* Build configuration list for PBXNativeTarget "MapsBetaSnippets" */ = {
			isa = XCConfigurationList;
			buildConfigurations = (
				AA2D099C24F8283100935519 /* Debug */,
				AA2D099D24F8283100935519 /* Release */,
			);
			defaultConfigurationIsVisible = 0;
			defaultConfigurationName = Release;
		};
/* End XCConfigurationList section */
	};
	rootObject = AA2D097F24F8282F00935519 /* Project object */;
}
