// !$*UTF8*$!
{
	archiveVersion = 1;
	classes = {
	};
	objectVersion = 51;
	objects = {

/* Begin PBXBuildFile section */
		84CC305D34962DDD2918B810 /* libPods-MapsSnippets.a in Frameworks */ = {isa = PBXBuildFile; fileRef = DB9F5610BBC27BE50B3E93B8 /* libPods-MapsSnippets.a */; };
		AA220C4725104062002A1F39 /* AppDelegate.m in Sources */ = {isa = PBXBuildFile; fileRef = AA220C4625104062002A1F39 /* AppDelegate.m */; };
		AA220C4A25104062002A1F39 /* SceneDelegate.m in Sources */ = {isa = PBXBuildFile; fileRef = AA220C4925104062002A1F39 /* SceneDelegate.m */; };
		AA220C4D25104062002A1F39 /* ViewController.m in Sources */ = {isa = PBXBuildFile; fileRef = AA220C4C25104062002A1F39 /* ViewController.m */; };
		AA220C5025104062002A1F39 /* Main.storyboard in Resources */ = {isa = PBXBuildFile; fileRef = AA220C4E25104062002A1F39 /* Main.storyboard */; };
		AA220C5225104064002A1F39 /* Assets.xcassets in Resources */ = {isa = PBXBuildFile; fileRef = AA220C5125104064002A1F39 /* Assets.xcassets */; };
		AA220C5525104064002A1F39 /* LaunchScreen.storyboard in Resources */ = {isa = PBXBuildFile; fileRef = AA220C5325104064002A1F39 /* LaunchScreen.storyboard */; };
		AA220C5825104064002A1F39 /* main.m in Sources */ = {isa = PBXBuildFile; fileRef = AA220C5725104064002A1F39 /* main.m */; };
		AA220C602510411D002A1F39 /* MapWithMarkerViewController.m in Sources */ = {isa = PBXBuildFile; fileRef = AA220C5F2510411D002A1F39 /* MapWithMarkerViewController.m */; };
		AA220C64251042EC002A1F39 /* MapWithMarkerViewController.swift in Sources */ = {isa = PBXBuildFile; fileRef = AA220C63251042EC002A1F39 /* MapWithMarkerViewController.swift */; };
		AA29A43A252E34FC00D69D87 /* Shapes.m in Sources */ = {isa = PBXBuildFile; fileRef = AA29A439252E34FC00D69D87 /* Shapes.m */; };
		AA29A43D252E3F9D00D69D87 /* Shapes.swift in Sources */ = {isa = PBXBuildFile; fileRef = AA29A43C252E3F9D00D69D87 /* Shapes.swift */; };
		AA29AD75252FB1BE00D69D87 /* GroundOverlays.m in Sources */ = {isa = PBXBuildFile; fileRef = AA29AD74252FB1BE00D69D87 /* GroundOverlays.m */; };
		AA29AD78252FB28A00D69D87 /* GroundOverlays.swift in Sources */ = {isa = PBXBuildFile; fileRef = AA29AD77252FB28A00D69D87 /* GroundOverlays.swift */; };
		AA29AD7C252FB3AF00D69D87 /* TileLayers.m in Sources */ = {isa = PBXBuildFile; fileRef = AA29AD7B252FB3AF00D69D87 /* TileLayers.m */; };
		AA29AD80252FB5A100D69D87 /* TileLayers.swift in Sources */ = {isa = PBXBuildFile; fileRef = AA29AD7F252FB5A100D69D87 /* TileLayers.swift */; };
		AA9D464025229CA4006D2E03 /* MapObjects.m in Sources */ = {isa = PBXBuildFile; fileRef = AA9D463F25229CA4006D2E03 /* MapObjects.m */; };
		AA9D464325229DA6006D2E03 /* MapObjects.swift in Sources */ = {isa = PBXBuildFile; fileRef = AA9D464225229DA6006D2E03 /* MapObjects.swift */; };
		AA9D46472522CB69006D2E03 /* POI.m in Sources */ = {isa = PBXBuildFile; fileRef = AA9D46462522CB69006D2E03 /* POI.m */; };
		AABB47F8252B9835004E4EB8 /* Markers.m in Sources */ = {isa = PBXBuildFile; fileRef = AABB47F7252B9835004E4EB8 /* Markers.m */; };
		AABB47FB252B9B11004E4EB8 /* Markers.swift in Sources */ = {isa = PBXBuildFile; fileRef = AABB47FA252B9B11004E4EB8 /* Markers.swift */; };
		AABD8E8A2522CCC400B99133 /* POI.swift in Sources */ = {isa = PBXBuildFile; fileRef = AABD8E892522CCC400B99133 /* POI.swift */; };
		AABD8E8D252397FA00B99133 /* StreetView.m in Sources */ = {isa = PBXBuildFile; fileRef = AABD8E8C252397FA00B99133 /* StreetView.m */; };
		AABD8E8F2523995900B99133 /* StreetView.swift in Sources */ = {isa = PBXBuildFile; fileRef = AABD8E8E2523995900B99133 /* StreetView.swift */; };
		AABD8E922523A09400B99133 /* MapStyling.m in Sources */ = {isa = PBXBuildFile; fileRef = AABD8E912523A09400B99133 /* MapStyling.m */; };
		AABD8E942523A15900B99133 /* MapStyling.swift in Sources */ = {isa = PBXBuildFile; fileRef = AABD8E932523A15900B99133 /* MapStyling.swift */; };
		AABD8E992524FB7800B99133 /* ControlsAndGestures.m in Sources */ = {isa = PBXBuildFile; fileRef = AABD8E982524FB7800B99133 /* ControlsAndGestures.m */; };
		AABD8E9B2524FF0E00B99133 /* ControlsAndGestures.swift in Sources */ = {isa = PBXBuildFile; fileRef = AABD8E9A2524FF0E00B99133 /* ControlsAndGestures.swift */; };
		AAE49EE52527A8E10081B9FB /* Events.m in Sources */ = {isa = PBXBuildFile; fileRef = AAE49EE42527A8E10081B9FB /* Events.m */; };
		AAE49EE82527A95B0081B9FB /* Events.swift in Sources */ = {isa = PBXBuildFile; fileRef = AAE49EE72527A95B0081B9FB /* Events.swift */; };
		AAE49EEC2527C1DC0081B9FB /* CameraAndView.m in Sources */ = {isa = PBXBuildFile; fileRef = AAE49EEB2527C1DC0081B9FB /* CameraAndView.m */; };
		AAE49EEF2527C5DE0081B9FB /* CameraAndView.swift in Sources */ = {isa = PBXBuildFile; fileRef = AAE49EEE2527C5DE0081B9FB /* CameraAndView.swift */; };
/* End PBXBuildFile section */

/* Begin PBXFileReference section */
		694B57EE37E96EE2B7396D4A /* Pods-MapsSnippets.debug.xcconfig */ = {isa = PBXFileReference; includeInIndex = 1; lastKnownFileType = text.xcconfig; name = "Pods-MapsSnippets.debug.xcconfig"; path = "Target Support Files/Pods-MapsSnippets/Pods-MapsSnippets.debug.xcconfig"; sourceTree = "<group>"; };
		A019F8FB35F3AA2383D3FB41 /* Pods-MapsSnippets.release.xcconfig */ = {isa = PBXFileReference; includeInIndex = 1; lastKnownFileType = text.xcconfig; name = "Pods-MapsSnippets.release.xcconfig"; path = "Target Support Files/Pods-MapsSnippets/Pods-MapsSnippets.release.xcconfig"; sourceTree = "<group>"; };
		AA220C4225104062002A1F39 /* MapsSnippets.app */ = {isa = PBXFileReference; explicitFileType = wrapper.application; includeInIndex = 0; path = MapsSnippets.app; sourceTree = BUILT_PRODUCTS_DIR; };
		AA220C4525104062002A1F39 /* AppDelegate.h */ = {isa = PBXFileReference; lastKnownFileType = sourcecode.c.h; path = AppDelegate.h; sourceTree = "<group>"; };
		AA220C4625104062002A1F39 /* AppDelegate.m */ = {isa = PBXFileReference; lastKnownFileType = sourcecode.c.objc; path = AppDelegate.m; sourceTree = "<group>"; };
		AA220C4825104062002A1F39 /* SceneDelegate.h */ = {isa = PBXFileReference; lastKnownFileType = sourcecode.c.h; path = SceneDelegate.h; sourceTree = "<group>"; };
		AA220C4925104062002A1F39 /* SceneDelegate.m */ = {isa = PBXFileReference; lastKnownFileType = sourcecode.c.objc; path = SceneDelegate.m; sourceTree = "<group>"; };
		AA220C4B25104062002A1F39 /* ViewController.h */ = {isa = PBXFileReference; lastKnownFileType = sourcecode.c.h; path = ViewController.h; sourceTree = "<group>"; };
		AA220C4C25104062002A1F39 /* ViewController.m */ = {isa = PBXFileReference; lastKnownFileType = sourcecode.c.objc; path = ViewController.m; sourceTree = "<group>"; };
		AA220C4F25104062002A1F39 /* Base */ = {isa = PBXFileReference; lastKnownFileType = file.storyboard; name = Base; path = Base.lproj/Main.storyboard; sourceTree = "<group>"; };
		AA220C5125104064002A1F39 /* Assets.xcassets */ = {isa = PBXFileReference; lastKnownFileType = folder.assetcatalog; path = Assets.xcassets; sourceTree = "<group>"; };
		AA220C5425104064002A1F39 /* Base */ = {isa = PBXFileReference; lastKnownFileType = file.storyboard; name = Base; path = Base.lproj/LaunchScreen.storyboard; sourceTree = "<group>"; };
		AA220C5625104064002A1F39 /* Info.plist */ = {isa = PBXFileReference; lastKnownFileType = text.plist.xml; path = Info.plist; sourceTree = "<group>"; };
		AA220C5725104064002A1F39 /* main.m */ = {isa = PBXFileReference; lastKnownFileType = sourcecode.c.objc; path = main.m; sourceTree = "<group>"; };
		AA220C5E2510411D002A1F39 /* MapWithMarkerViewController.h */ = {isa = PBXFileReference; lastKnownFileType = sourcecode.c.h; path = MapWithMarkerViewController.h; sourceTree = "<group>"; };
		AA220C5F2510411D002A1F39 /* MapWithMarkerViewController.m */ = {isa = PBXFileReference; lastKnownFileType = sourcecode.c.objc; path = MapWithMarkerViewController.m; sourceTree = "<group>"; };
		AA220C62251042EB002A1F39 /* MapsSnippets-Bridging-Header.h */ = {isa = PBXFileReference; lastKnownFileType = sourcecode.c.h; path = "MapsSnippets-Bridging-Header.h"; sourceTree = "<group>"; };
		AA220C63251042EC002A1F39 /* MapWithMarkerViewController.swift */ = {isa = PBXFileReference; lastKnownFileType = sourcecode.swift; path = MapWithMarkerViewController.swift; sourceTree = "<group>"; };
		AA29A438252E34FC00D69D87 /* Shapes.h */ = {isa = PBXFileReference; lastKnownFileType = sourcecode.c.h; path = Shapes.h; sourceTree = "<group>"; };
		AA29A439252E34FC00D69D87 /* Shapes.m */ = {isa = PBXFileReference; lastKnownFileType = sourcecode.c.objc; path = Shapes.m; sourceTree = "<group>"; };
		AA29A43C252E3F9D00D69D87 /* Shapes.swift */ = {isa = PBXFileReference; lastKnownFileType = sourcecode.swift; path = Shapes.swift; sourceTree = "<group>"; };
		AA29AD73252FB1BE00D69D87 /* GroundOverlays.h */ = {isa = PBXFileReference; lastKnownFileType = sourcecode.c.h; path = GroundOverlays.h; sourceTree = "<group>"; };
		AA29AD74252FB1BE00D69D87 /* GroundOverlays.m */ = {isa = PBXFileReference; lastKnownFileType = sourcecode.c.objc; path = GroundOverlays.m; sourceTree = "<group>"; };
		AA29AD77252FB28A00D69D87 /* GroundOverlays.swift */ = {isa = PBXFileReference; lastKnownFileType = sourcecode.swift; path = GroundOverlays.swift; sourceTree = "<group>"; };
		AA29AD7A252FB3AF00D69D87 /* TileLayers.h */ = {isa = PBXFileReference; lastKnownFileType = sourcecode.c.h; path = TileLayers.h; sourceTree = "<group>"; };
		AA29AD7B252FB3AF00D69D87 /* TileLayers.m */ = {isa = PBXFileReference; lastKnownFileType = sourcecode.c.objc; path = TileLayers.m; sourceTree = "<group>"; };
		AA29AD7F252FB5A100D69D87 /* TileLayers.swift */ = {isa = PBXFileReference; lastKnownFileType = sourcecode.swift; path = TileLayers.swift; sourceTree = "<group>"; };
		AA9D463E25229CA4006D2E03 /* MapObjects.h */ = {isa = PBXFileReference; lastKnownFileType = sourcecode.c.h; path = MapObjects.h; sourceTree = "<group>"; };
		AA9D463F25229CA4006D2E03 /* MapObjects.m */ = {isa = PBXFileReference; lastKnownFileType = sourcecode.c.objc; path = MapObjects.m; sourceTree = "<group>"; };
		AA9D464225229DA6006D2E03 /* MapObjects.swift */ = {isa = PBXFileReference; lastKnownFileType = sourcecode.swift; path = MapObjects.swift; sourceTree = "<group>"; };
		AA9D46452522CB69006D2E03 /* POI.h */ = {isa = PBXFileReference; lastKnownFileType = sourcecode.c.h; path = POI.h; sourceTree = "<group>"; };
		AA9D46462522CB69006D2E03 /* POI.m */ = {isa = PBXFileReference; lastKnownFileType = sourcecode.c.objc; path = POI.m; sourceTree = "<group>"; };
		AABB47F6252B9835004E4EB8 /* Markers.h */ = {isa = PBXFileReference; lastKnownFileType = sourcecode.c.h; path = Markers.h; sourceTree = "<group>"; };
		AABB47F7252B9835004E4EB8 /* Markers.m */ = {isa = PBXFileReference; lastKnownFileType = sourcecode.c.objc; path = Markers.m; sourceTree = "<group>"; };
		AABB47FA252B9B11004E4EB8 /* Markers.swift */ = {isa = PBXFileReference; lastKnownFileType = sourcecode.swift; path = Markers.swift; sourceTree = "<group>"; };
		AABD8E892522CCC400B99133 /* POI.swift */ = {isa = PBXFileReference; lastKnownFileType = sourcecode.swift; path = POI.swift; sourceTree = "<group>"; };
		AABD8E8B252397FA00B99133 /* StreetView.h */ = {isa = PBXFileReference; lastKnownFileType = sourcecode.c.h; path = StreetView.h; sourceTree = "<group>"; };
		AABD8E8C252397FA00B99133 /* StreetView.m */ = {isa = PBXFileReference; lastKnownFileType = sourcecode.c.objc; path = StreetView.m; sourceTree = "<group>"; };
		AABD8E8E2523995900B99133 /* StreetView.swift */ = {isa = PBXFileReference; lastKnownFileType = sourcecode.swift; path = StreetView.swift; sourceTree = "<group>"; };
		AABD8E902523A09400B99133 /* MapStyling.h */ = {isa = PBXFileReference; lastKnownFileType = sourcecode.c.h; path = MapStyling.h; sourceTree = "<group>"; };
		AABD8E912523A09400B99133 /* MapStyling.m */ = {isa = PBXFileReference; lastKnownFileType = sourcecode.c.objc; path = MapStyling.m; sourceTree = "<group>"; };
		AABD8E932523A15900B99133 /* MapStyling.swift */ = {isa = PBXFileReference; lastKnownFileType = sourcecode.swift; path = MapStyling.swift; sourceTree = "<group>"; };
		AABD8E972524FB7800B99133 /* ControlsAndGestures.h */ = {isa = PBXFileReference; lastKnownFileType = sourcecode.c.h; path = ControlsAndGestures.h; sourceTree = "<group>"; };
		AABD8E982524FB7800B99133 /* ControlsAndGestures.m */ = {isa = PBXFileReference; lastKnownFileType = sourcecode.c.objc; path = ControlsAndGestures.m; sourceTree = "<group>"; };
		AABD8E9A2524FF0E00B99133 /* ControlsAndGestures.swift */ = {isa = PBXFileReference; lastKnownFileType = sourcecode.swift; path = ControlsAndGestures.swift; sourceTree = "<group>"; };
		AAE49EE32527A8E10081B9FB /* Events.h */ = {isa = PBXFileReference; lastKnownFileType = sourcecode.c.h; path = Events.h; sourceTree = "<group>"; };
		AAE49EE42527A8E10081B9FB /* Events.m */ = {isa = PBXFileReference; lastKnownFileType = sourcecode.c.objc; path = Events.m; sourceTree = "<group>"; };
		AAE49EE72527A95B0081B9FB /* Events.swift */ = {isa = PBXFileReference; lastKnownFileType = sourcecode.swift; path = Events.swift; sourceTree = "<group>"; };
		AAE49EEA2527C1DC0081B9FB /* CameraAndView.h */ = {isa = PBXFileReference; lastKnownFileType = sourcecode.c.h; path = CameraAndView.h; sourceTree = "<group>"; };
		AAE49EEB2527C1DC0081B9FB /* CameraAndView.m */ = {isa = PBXFileReference; lastKnownFileType = sourcecode.c.objc; path = CameraAndView.m; sourceTree = "<group>"; };
		AAE49EEE2527C5DE0081B9FB /* CameraAndView.swift */ = {isa = PBXFileReference; lastKnownFileType = sourcecode.swift; path = CameraAndView.swift; sourceTree = "<group>"; };
		DB9F5610BBC27BE50B3E93B8 /* libPods-MapsSnippets.a */ = {isa = PBXFileReference; explicitFileType = archive.ar; includeInIndex = 0; path = "libPods-MapsSnippets.a"; sourceTree = BUILT_PRODUCTS_DIR; };
/* End PBXFileReference section */

/* Begin PBXFrameworksBuildPhase section */
		AA220C3F25104062002A1F39 /* Frameworks */ = {
			isa = PBXFrameworksBuildPhase;
			buildActionMask = 2147483647;
			files = (
				84CC305D34962DDD2918B810 /* libPods-MapsSnippets.a in Frameworks */,
			);
			runOnlyForDeploymentPostprocessing = 0;
		};
/* End PBXFrameworksBuildPhase section */

/* Begin PBXGroup section */
		8FF38E8C5841A333E3DC0A86 /* Frameworks */ = {
			isa = PBXGroup;
			children = (
				DB9F5610BBC27BE50B3E93B8 /* libPods-MapsSnippets.a */,
			);
			name = Frameworks;
			sourceTree = "<group>";
		};
		AA220C3925104062002A1F39 = {
			isa = PBXGroup;
			children = (
				AA220C4425104062002A1F39 /* MapsSnippets */,
				AA220C4325104062002A1F39 /* Products */,
				AE41BDA8EA4BB24A1EE86D66 /* Pods */,
				8FF38E8C5841A333E3DC0A86 /* Frameworks */,
			);
			sourceTree = "<group>";
		};
		AA220C4325104062002A1F39 /* Products */ = {
			isa = PBXGroup;
			children = (
				AA220C4225104062002A1F39 /* MapsSnippets.app */,
			);
			name = Products;
			sourceTree = "<group>";
		};
		AA220C4425104062002A1F39 /* MapsSnippets */ = {
			isa = PBXGroup;
			children = (
				AA220C4525104062002A1F39 /* AppDelegate.h */,
				AA220C4625104062002A1F39 /* AppDelegate.m */,
				AA220C5125104064002A1F39 /* Assets.xcassets */,
				AAE49EEA2527C1DC0081B9FB /* CameraAndView.h */,
				AAE49EEB2527C1DC0081B9FB /* CameraAndView.m */,
				AABD8E972524FB7800B99133 /* ControlsAndGestures.h */,
				AABD8E982524FB7800B99133 /* ControlsAndGestures.m */,
				AAE49EE32527A8E10081B9FB /* Events.h */,
				AAE49EE42527A8E10081B9FB /* Events.m */,
				AA29AD73252FB1BE00D69D87 /* GroundOverlays.h */,
				AA29AD74252FB1BE00D69D87 /* GroundOverlays.m */,
				AA220C5625104064002A1F39 /* Info.plist */,
				AA220C5325104064002A1F39 /* LaunchScreen.storyboard */,
				AA220C5725104064002A1F39 /* main.m */,
				AA220C4E25104062002A1F39 /* Main.storyboard */,
				AA9D463E25229CA4006D2E03 /* MapObjects.h */,
				AA9D463F25229CA4006D2E03 /* MapObjects.m */,
				AABD8E902523A09400B99133 /* MapStyling.h */,
				AABD8E912523A09400B99133 /* MapStyling.m */,
				AA220C5E2510411D002A1F39 /* MapWithMarkerViewController.h */,
				AA220C5F2510411D002A1F39 /* MapWithMarkerViewController.m */,
				AABB47F6252B9835004E4EB8 /* Markers.h */,
				AABB47F7252B9835004E4EB8 /* Markers.m */,
				AA9D46452522CB69006D2E03 /* POI.h */,
				AA9D46462522CB69006D2E03 /* POI.m */,
				AA220C4825104062002A1F39 /* SceneDelegate.h */,
				AA220C4925104062002A1F39 /* SceneDelegate.m */,
				AA29A438252E34FC00D69D87 /* Shapes.h */,
				AA29A439252E34FC00D69D87 /* Shapes.m */,
				AABD8E8B252397FA00B99133 /* StreetView.h */,
				AABD8E8C252397FA00B99133 /* StreetView.m */,
				AA220C6125104135002A1F39 /* Swift */,
				AA220C4B25104062002A1F39 /* ViewController.h */,
				AA220C4C25104062002A1F39 /* ViewController.m */,
				AA29AD7A252FB3AF00D69D87 /* TileLayers.h */,
				AA29AD7B252FB3AF00D69D87 /* TileLayers.m */,
			);
			path = MapsSnippets;
			sourceTree = "<group>";
		};
		AA220C6125104135002A1F39 /* Swift */ = {
			isa = PBXGroup;
			children = (
				AAE49EEE2527C5DE0081B9FB /* CameraAndView.swift */,
				AABD8E9A2524FF0E00B99133 /* ControlsAndGestures.swift */,
				AAE49EE72527A95B0081B9FB /* Events.swift */,
				AA29AD77252FB28A00D69D87 /* GroundOverlays.swift */,
				AA9D464225229DA6006D2E03 /* MapObjects.swift */,
				AA220C62251042EB002A1F39 /* MapsSnippets-Bridging-Header.h */,
				AABD8E932523A15900B99133 /* MapStyling.swift */,
				AA220C63251042EC002A1F39 /* MapWithMarkerViewController.swift */,
				AABB47FA252B9B11004E4EB8 /* Markers.swift */,
				AABD8E892522CCC400B99133 /* POI.swift */,
				AA29A43C252E3F9D00D69D87 /* Shapes.swift */,
				AABD8E8E2523995900B99133 /* StreetView.swift */,
				AA29AD7F252FB5A100D69D87 /* TileLayers.swift */,
			);
			path = Swift;
			sourceTree = "<group>";
		};
		AE41BDA8EA4BB24A1EE86D66 /* Pods */ = {
			isa = PBXGroup;
			children = (
				694B57EE37E96EE2B7396D4A /* Pods-MapsSnippets.debug.xcconfig */,
				A019F8FB35F3AA2383D3FB41 /* Pods-MapsSnippets.release.xcconfig */,
			);
			path = Pods;
			sourceTree = "<group>";
		};
/* End PBXGroup section */

/* Begin PBXNativeTarget section */
		AA220C4125104062002A1F39 /* MapsSnippets */ = {
			isa = PBXNativeTarget;
			buildConfigurationList = AA220C5B25104064002A1F39 /* Build configuration list for PBXNativeTarget "MapsSnippets" */;
			buildPhases = (
				639E9B216808E6C06BCAFFB4 /* [CP] Check Pods Manifest.lock */,
				AA220C3E25104062002A1F39 /* Sources */,
				AA220C3F25104062002A1F39 /* Frameworks */,
				AA220C4025104062002A1F39 /* Resources */,
				26BAEF23CD6234306D7D91CB /* [CP] Copy Pods Resources */,
			);
			buildRules = (
			);
			dependencies = (
			);
			name = MapsSnippets;
			productName = MapsSnippets;
			productReference = AA220C4225104062002A1F39 /* MapsSnippets.app */;
			productType = "com.apple.product-type.application";
		};
/* End PBXNativeTarget section */

/* Begin PBXProject section */
		AA220C3A25104062002A1F39 /* Project object */ = {
			isa = PBXProject;
			attributes = {
				LastUpgradeCheck = 1150;
				ORGANIZATIONNAME = Google;
				TargetAttributes = {
					AA220C4125104062002A1F39 = {
						CreatedOnToolsVersion = 11.5;
						LastSwiftMigration = 1150;
					};
				};
			};
			buildConfigurationList = AA220C3D25104062002A1F39 /* Build configuration list for PBXProject "MapsSnippets" */;
			compatibilityVersion = "Xcode 9.3";
			developmentRegion = en;
			hasScannedForEncodings = 0;
			knownRegions = (
				en,
				Base,
			);
			mainGroup = AA220C3925104062002A1F39;
			productRefGroup = AA220C4325104062002A1F39 /* Products */;
			projectDirPath = "";
			projectRoot = "";
			targets = (
				AA220C4125104062002A1F39 /* MapsSnippets */,
			);
		};
/* End PBXProject section */

/* Begin PBXResourcesBuildPhase section */
		AA220C4025104062002A1F39 /* Resources */ = {
			isa = PBXResourcesBuildPhase;
			buildActionMask = 2147483647;
			files = (
				AA220C5525104064002A1F39 /* LaunchScreen.storyboard in Resources */,
				AA220C5225104064002A1F39 /* Assets.xcassets in Resources */,
				AA220C5025104062002A1F39 /* Main.storyboard in Resources */,
			);
			runOnlyForDeploymentPostprocessing = 0;
		};
/* End PBXResourcesBuildPhase section */

/* Begin PBXShellScriptBuildPhase section */
		26BAEF23CD6234306D7D91CB /* [CP] Copy Pods Resources */ = {
			isa = PBXShellScriptBuildPhase;
			buildActionMask = 2147483647;
			files = (
			);
			inputFileListPaths = (
				"${PODS_ROOT}/Target Support Files/Pods-MapsSnippets/Pods-MapsSnippets-resources-${CONFIGURATION}-input-files.xcfilelist",
			);
			name = "[CP] Copy Pods Resources";
			outputFileListPaths = (
				"${PODS_ROOT}/Target Support Files/Pods-MapsSnippets/Pods-MapsSnippets-resources-${CONFIGURATION}-output-files.xcfilelist",
			);
			runOnlyForDeploymentPostprocessing = 0;
			shellPath = /bin/sh;
			shellScript = "\"${PODS_ROOT}/Target Support Files/Pods-MapsSnippets/Pods-MapsSnippets-resources.sh\"\n";
			showEnvVarsInLog = 0;
		};
		639E9B216808E6C06BCAFFB4 /* [CP] Check Pods Manifest.lock */ = {
			isa = PBXShellScriptBuildPhase;
			buildActionMask = 2147483647;
			files = (
			);
			inputFileListPaths = (
			);
			inputPaths = (
				"${PODS_PODFILE_DIR_PATH}/Podfile.lock",
				"${PODS_ROOT}/Manifest.lock",
			);
			name = "[CP] Check Pods Manifest.lock";
			outputFileListPaths = (
			);
			outputPaths = (
				"$(DERIVED_FILE_DIR)/Pods-MapsSnippets-checkManifestLockResult.txt",
			);
			runOnlyForDeploymentPostprocessing = 0;
			shellPath = /bin/sh;
			shellScript = "diff \"${PODS_PODFILE_DIR_PATH}/Podfile.lock\" \"${PODS_ROOT}/Manifest.lock\" > /dev/null\nif [ $? != 0 ] ; then\n    # print error to STDERR\n    echo \"error: The sandbox is not in sync with the Podfile.lock. Run 'pod install' or update your CocoaPods installation.\" >&2\n    exit 1\nfi\n# This output is used by Xcode 'outputs' to avoid re-running this script phase.\necho \"SUCCESS\" > \"${SCRIPT_OUTPUT_FILE_0}\"\n";
			showEnvVarsInLog = 0;
		};
/* End PBXShellScriptBuildPhase section */

/* Begin PBXSourcesBuildPhase section */
		AA220C3E25104062002A1F39 /* Sources */ = {
			isa = PBXSourcesBuildPhase;
			buildActionMask = 2147483647;
			files = (
				AA29A43A252E34FC00D69D87 /* Shapes.m in Sources */,
				AA220C4D25104062002A1F39 /* ViewController.m in Sources */,
				AA220C64251042EC002A1F39 /* MapWithMarkerViewController.swift in Sources */,
				AA220C4725104062002A1F39 /* AppDelegate.m in Sources */,
				AABD8E8D252397FA00B99133 /* StreetView.m in Sources */,
				AA9D46472522CB69006D2E03 /* POI.m in Sources */,
				AAE49EE52527A8E10081B9FB /* Events.m in Sources */,
				AAE49EE82527A95B0081B9FB /* Events.swift in Sources */,
				AABD8E942523A15900B99133 /* MapStyling.swift in Sources */,
				AA29AD78252FB28A00D69D87 /* GroundOverlays.swift in Sources */,
				AA9D464325229DA6006D2E03 /* MapObjects.swift in Sources */,
				AA9D464025229CA4006D2E03 /* MapObjects.m in Sources */,
				AA29A43D252E3F9D00D69D87 /* Shapes.swift in Sources */,
				AABB47F8252B9835004E4EB8 /* Markers.m in Sources */,
				AA29AD75252FB1BE00D69D87 /* GroundOverlays.m in Sources */,
				AABD8E8A2522CCC400B99133 /* POI.swift in Sources */,
				AA220C5825104064002A1F39 /* main.m in Sources */,
				AABD8E992524FB7800B99133 /* ControlsAndGestures.m in Sources */,
				AAE49EEF2527C5DE0081B9FB /* CameraAndView.swift in Sources */,
				AAE49EEC2527C1DC0081B9FB /* CameraAndView.m in Sources */,
				AABD8E8F2523995900B99133 /* StreetView.swift in Sources */,
				AA29AD80252FB5A100D69D87 /* TileLayers.swift in Sources */,
				AABB47FB252B9B11004E4EB8 /* Markers.swift in Sources */,
				AA220C4A25104062002A1F39 /* SceneDelegate.m in Sources */,
				AABD8E9B2524FF0E00B99133 /* ControlsAndGestures.swift in Sources */,
				AA29AD7C252FB3AF00D69D87 /* TileLayers.m in Sources */,
				AABD8E922523A09400B99133 /* MapStyling.m in Sources */,
				AA220C602510411D002A1F39 /* MapWithMarkerViewController.m in Sources */,
			);
			runOnlyForDeploymentPostprocessing = 0;
		};
/* End PBXSourcesBuildPhase section */

/* Begin PBXVariantGroup section */
		AA220C4E25104062002A1F39 /* Main.storyboard */ = {
			isa = PBXVariantGroup;
			children = (
				AA220C4F25104062002A1F39 /* Base */,
			);
			name = Main.storyboard;
			sourceTree = "<group>";
		};
		AA220C5325104064002A1F39 /* LaunchScreen.storyboard */ = {
			isa = PBXVariantGroup;
			children = (
				AA220C5425104064002A1F39 /* Base */,
			);
			name = LaunchScreen.storyboard;
			sourceTree = "<group>";
		};
/* End PBXVariantGroup section */

/* Begin XCBuildConfiguration section */
		AA220C5925104064002A1F39 /* Debug */ = {
			isa = XCBuildConfiguration;
			buildSettings = {
				ALWAYS_SEARCH_USER_PATHS = NO;
				CLANG_ANALYZER_NONNULL = YES;
				CLANG_ANALYZER_NUMBER_OBJECT_CONVERSION = YES_AGGRESSIVE;
				CLANG_CXX_LANGUAGE_STANDARD = "gnu++14";
				CLANG_CXX_LIBRARY = "libc++";
				CLANG_ENABLE_MODULES = YES;
				CLANG_ENABLE_OBJC_ARC = YES;
				CLANG_ENABLE_OBJC_WEAK = YES;
				CLANG_WARN_BLOCK_CAPTURE_AUTORELEASING = YES;
				CLANG_WARN_BOOL_CONVERSION = YES;
				CLANG_WARN_COMMA = YES;
				CLANG_WARN_CONSTANT_CONVERSION = YES;
				CLANG_WARN_DEPRECATED_OBJC_IMPLEMENTATIONS = YES;
				CLANG_WARN_DIRECT_OBJC_ISA_USAGE = YES_ERROR;
				CLANG_WARN_DOCUMENTATION_COMMENTS = YES;
				CLANG_WARN_EMPTY_BODY = YES;
				CLANG_WARN_ENUM_CONVERSION = YES;
				CLANG_WARN_INFINITE_RECURSION = YES;
				CLANG_WARN_INT_CONVERSION = YES;
				CLANG_WARN_NON_LITERAL_NULL_CONVERSION = YES;
				CLANG_WARN_OBJC_IMPLICIT_RETAIN_SELF = YES;
				CLANG_WARN_OBJC_LITERAL_CONVERSION = YES;
				CLANG_WARN_OBJC_ROOT_CLASS = YES_ERROR;
				CLANG_WARN_RANGE_LOOP_ANALYSIS = YES;
				CLANG_WARN_STRICT_PROTOTYPES = YES;
				CLANG_WARN_SUSPICIOUS_MOVE = YES;
				CLANG_WARN_UNGUARDED_AVAILABILITY = YES_AGGRESSIVE;
				CLANG_WARN_UNREACHABLE_CODE = YES;
				CLANG_WARN__DUPLICATE_METHOD_MATCH = YES;
				COPY_PHASE_STRIP = NO;
				DEBUG_INFORMATION_FORMAT = dwarf;
				ENABLE_STRICT_OBJC_MSGSEND = YES;
				ENABLE_TESTABILITY = YES;
				GCC_C_LANGUAGE_STANDARD = gnu11;
				GCC_DYNAMIC_NO_PIC = NO;
				GCC_NO_COMMON_BLOCKS = YES;
				GCC_OPTIMIZATION_LEVEL = 0;
				GCC_PREPROCESSOR_DEFINITIONS = (
					"DEBUG=1",
					"$(inherited)",
				);
				GCC_WARN_64_TO_32_BIT_CONVERSION = YES;
				GCC_WARN_ABOUT_RETURN_TYPE = YES_ERROR;
				GCC_WARN_UNDECLARED_SELECTOR = YES;
				GCC_WARN_UNINITIALIZED_AUTOS = YES_AGGRESSIVE;
				GCC_WARN_UNUSED_FUNCTION = YES;
				GCC_WARN_UNUSED_VARIABLE = YES;
				IPHONEOS_DEPLOYMENT_TARGET = 13.5;
				MTL_ENABLE_DEBUG_INFO = INCLUDE_SOURCE;
				MTL_FAST_MATH = YES;
				ONLY_ACTIVE_ARCH = YES;
				SDKROOT = iphoneos;
			};
			name = Debug;
		};
		AA220C5A25104064002A1F39 /* Release */ = {
			isa = XCBuildConfiguration;
			buildSettings = {
				ALWAYS_SEARCH_USER_PATHS = NO;
				CLANG_ANALYZER_NONNULL = YES;
				CLANG_ANALYZER_NUMBER_OBJECT_CONVERSION = YES_AGGRESSIVE;
				CLANG_CXX_LANGUAGE_STANDARD = "gnu++14";
				CLANG_CXX_LIBRARY = "libc++";
				CLANG_ENABLE_MODULES = YES;
				CLANG_ENABLE_OBJC_ARC = YES;
				CLANG_ENABLE_OBJC_WEAK = YES;
				CLANG_WARN_BLOCK_CAPTURE_AUTORELEASING = YES;
				CLANG_WARN_BOOL_CONVERSION = YES;
				CLANG_WARN_COMMA = YES;
				CLANG_WARN_CONSTANT_CONVERSION = YES;
				CLANG_WARN_DEPRECATED_OBJC_IMPLEMENTATIONS = YES;
				CLANG_WARN_DIRECT_OBJC_ISA_USAGE = YES_ERROR;
				CLANG_WARN_DOCUMENTATION_COMMENTS = YES;
				CLANG_WARN_EMPTY_BODY = YES;
				CLANG_WARN_ENUM_CONVERSION = YES;
				CLANG_WARN_INFINITE_RECURSION = YES;
				CLANG_WARN_INT_CONVERSION = YES;
				CLANG_WARN_NON_LITERAL_NULL_CONVERSION = YES;
				CLANG_WARN_OBJC_IMPLICIT_RETAIN_SELF = YES;
				CLANG_WARN_OBJC_LITERAL_CONVERSION = YES;
				CLANG_WARN_OBJC_ROOT_CLASS = YES_ERROR;
				CLANG_WARN_RANGE_LOOP_ANALYSIS = YES;
				CLANG_WARN_STRICT_PROTOTYPES = YES;
				CLANG_WARN_SUSPICIOUS_MOVE = YES;
				CLANG_WARN_UNGUARDED_AVAILABILITY = YES_AGGRESSIVE;
				CLANG_WARN_UNREACHABLE_CODE = YES;
				CLANG_WARN__DUPLICATE_METHOD_MATCH = YES;
				COPY_PHASE_STRIP = NO;
				DEBUG_INFORMATION_FORMAT = "dwarf-with-dsym";
				ENABLE_NS_ASSERTIONS = NO;
				ENABLE_STRICT_OBJC_MSGSEND = YES;
				GCC_C_LANGUAGE_STANDARD = gnu11;
				GCC_NO_COMMON_BLOCKS = YES;
				GCC_WARN_64_TO_32_BIT_CONVERSION = YES;
				GCC_WARN_ABOUT_RETURN_TYPE = YES_ERROR;
				GCC_WARN_UNDECLARED_SELECTOR = YES;
				GCC_WARN_UNINITIALIZED_AUTOS = YES_AGGRESSIVE;
				GCC_WARN_UNUSED_FUNCTION = YES;
				GCC_WARN_UNUSED_VARIABLE = YES;
				IPHONEOS_DEPLOYMENT_TARGET = 13.5;
				MTL_ENABLE_DEBUG_INFO = NO;
				MTL_FAST_MATH = YES;
				SDKROOT = iphoneos;
				VALIDATE_PRODUCT = YES;
			};
			name = Release;
		};
		AA220C5C25104064002A1F39 /* Debug */ = {
			isa = XCBuildConfiguration;
			baseConfigurationReference = 694B57EE37E96EE2B7396D4A /* Pods-MapsSnippets.debug.xcconfig */;
			buildSettings = {
				ASSETCATALOG_COMPILER_APPICON_NAME = AppIcon;
				CLANG_ENABLE_MODULES = YES;
				CODE_SIGN_STYLE = Automatic;
				INFOPLIST_FILE = MapsSnippets/Info.plist;
				LD_RUNPATH_SEARCH_PATHS = (
					"$(inherited)",
					"@executable_path/Frameworks",
				);
				PRODUCT_BUNDLE_IDENTIFIER = com.google.examples.MapsSnippets;
				PRODUCT_NAME = "$(TARGET_NAME)";
				SWIFT_OBJC_BRIDGING_HEADER = "MapsSnippets/Swift/MapsSnippets-Bridging-Header.h";
				SWIFT_OPTIMIZATION_LEVEL = "-Onone";
				SWIFT_VERSION = 5.0;
				TARGETED_DEVICE_FAMILY = "1,2";
			};
			name = Debug;
		};
		AA220C5D25104064002A1F39 /* Release */ = {
			isa = XCBuildConfiguration;
			baseConfigurationReference = A019F8FB35F3AA2383D3FB41 /* Pods-MapsSnippets.release.xcconfig */;
			buildSettings = {
				ASSETCATALOG_COMPILER_APPICON_NAME = AppIcon;
				CLANG_ENABLE_MODULES = YES;
				CODE_SIGN_STYLE = Automatic;
				INFOPLIST_FILE = MapsSnippets/Info.plist;
				LD_RUNPATH_SEARCH_PATHS = (
					"$(inherited)",
					"@executable_path/Frameworks",
				);
				PRODUCT_BUNDLE_IDENTIFIER = com.google.examples.MapsSnippets;
				PRODUCT_NAME = "$(TARGET_NAME)";
				SWIFT_OBJC_BRIDGING_HEADER = "MapsSnippets/Swift/MapsSnippets-Bridging-Header.h";
				SWIFT_VERSION = 5.0;
				TARGETED_DEVICE_FAMILY = "1,2";
			};
			name = Release;
		};
/* End XCBuildConfiguration section */

/* Begin XCConfigurationList section */
		AA220C3D25104062002A1F39 /* Build configuration list for PBXProject "MapsSnippets" */ = {
			isa = XCConfigurationList;
			buildConfigurations = (
				AA220C5925104064002A1F39 /* Debug */,
				AA220C5A25104064002A1F39 /* Release */,
			);
			defaultConfigurationIsVisible = 0;
			defaultConfigurationName = Release;
		};
		AA220C5B25104064002A1F39 /* Build configuration list for PBXNativeTarget "MapsSnippets" */ = {
			isa = XCConfigurationList;
			buildConfigurations = (
				AA220C5C25104064002A1F39 /* Debug */,
				AA220C5D25104064002A1F39 /* Release */,
			);
			defaultConfigurationIsVisible = 0;
			defaultConfigurationName = Release;
		};
/* End XCConfigurationList section */
	};
	rootObject = AA220C3A25104062002A1F39 /* Project object */;
}
